// !$*UTF8*$!
{
	archiveVersion = 1;
	classes = {
	};
	objectVersion = 56;
	objects = {

/* Begin PBXBuildFile section */
		F46A85B42AAEA2AE00FA3ABC /* v_clrwk.c in Sources */ = {isa = PBXBuildFile; fileRef = F46A85B32AAEA2AE00FA3ABC /* v_clrwk.c */; };
		F46A85B62AAEA56200FA3ABC /* v_updwk.c in Sources */ = {isa = PBXBuildFile; fileRef = F46A85B52AAEA56200FA3ABC /* v_updwk.c */; };
		F46A85BA2AAEA5A100FA3ABC /* vq_chcells.c in Sources */ = {isa = PBXBuildFile; fileRef = F46A85B82AAEA5A100FA3ABC /* vq_chcells.c */; };
		F46A85BC2AAEB56700FA3ABC /* vq_exit_cur.c in Sources */ = {isa = PBXBuildFile; fileRef = F46A85BB2AAEB56700FA3ABC /* vq_exit_cur.c */; };
		F46A85BE2AAEB6FE00FA3ABC /* v_enter_cur.c in Sources */ = {isa = PBXBuildFile; fileRef = F46A85BD2AAEB6FE00FA3ABC /* v_enter_cur.c */; };
		F46A85C22AAEB87500FA3ABC /* v_curup.c in Sources */ = {isa = PBXBuildFile; fileRef = F46A85C02AAEB87500FA3ABC /* v_curup.c */; };
		F46A85C42AAEB99600FA3ABC /* v_curdown.c in Sources */ = {isa = PBXBuildFile; fileRef = F46A85C32AAEB99600FA3ABC /* v_curdown.c */; };
		F46A85C62AAEBB4100FA3ABC /* v_curright.c in Sources */ = {isa = PBXBuildFile; fileRef = F46A85C52AAEBB4100FA3ABC /* v_curright.c */; };
		F46A85C82AAEBE7900FA3ABC /* v_curleft.c in Sources */ = {isa = PBXBuildFile; fileRef = F46A85C72AAEBE7900FA3ABC /* v_curleft.c */; };
		F46A85CA2AAEBEFD00FA3ABC /* v_curhome.c in Sources */ = {isa = PBXBuildFile; fileRef = F46A85C92AAEBEFD00FA3ABC /* v_curhome.c */; };
		F46A85CC2AAEBFD600FA3ABC /* v_eeos.c in Sources */ = {isa = PBXBuildFile; fileRef = F46A85CB2AAEBFD600FA3ABC /* v_eeos.c */; };
		F46A85CE2AAEC0B600FA3ABC /* v_eeol.c in Sources */ = {isa = PBXBuildFile; fileRef = F46A85CD2AAEC0B600FA3ABC /* v_eeol.c */; };
		F46A85D02AAEC47900FA3ABC /* vs_curaddress.c in Sources */ = {isa = PBXBuildFile; fileRef = F46A85CF2AAEC47900FA3ABC /* vs_curaddress.c */; };
		F46A85D22AAECACA00FA3ABC /* v_curtext.c in Sources */ = {isa = PBXBuildFile; fileRef = F46A85D12AAECACA00FA3ABC /* v_curtext.c */; };
		F46A85D42AAED0F400FA3ABC /* v_rvon.c in Sources */ = {isa = PBXBuildFile; fileRef = F46A85D32AAED0F400FA3ABC /* v_rvon.c */; };
		F46A85D62AAED14600FA3ABC /* v_rvoff.c in Sources */ = {isa = PBXBuildFile; fileRef = F46A85D52AAED14600FA3ABC /* v_rvoff.c */; };
		F46A85D82AAED79F00FA3ABC /* vq_curaddress.c in Sources */ = {isa = PBXBuildFile; fileRef = F46A85D72AAED79F00FA3ABC /* vq_curaddress.c */; };
		F46A85DA2AAF636F00FA3ABC /* vq_hardcopy.c in Sources */ = {isa = PBXBuildFile; fileRef = F46A85D92AAF636F00FA3ABC /* vq_hardcopy.c */; };
		F46A85DE2AAF640500FA3ABC /* vq_tabstatus.c in Sources */ = {isa = PBXBuildFile; fileRef = F46A85DC2AAF640500FA3ABC /* vq_tabstatus.c */; };
		F46A85E22AAF646100FA3ABC /* v_dspcur.c in Sources */ = {isa = PBXBuildFile; fileRef = F46A85E02AAF646100FA3ABC /* v_dspcur.c */; };
		F46A85E42AAF66A200FA3ABC /* v_rmcur.c in Sources */ = {isa = PBXBuildFile; fileRef = F46A85E32AAF66A200FA3ABC /* v_rmcur.c */; };
		F46A85E62AAF676900FA3ABC /* v_form_adv.c in Sources */ = {isa = PBXBuildFile; fileRef = F46A85E52AAF676900FA3ABC /* v_form_adv.c */; };
		F46A85E82AAF67EC00FA3ABC /* v_output_window.c in Sources */ = {isa = PBXBuildFile; fileRef = F46A85E72AAF67EC00FA3ABC /* v_output_window.c */; };
		F46A85EC2AAF684D00FA3ABC /* v_clear_disp_list.c in Sources */ = {isa = PBXBuildFile; fileRef = F46A85EA2AAF684D00FA3ABC /* v_clear_disp_list.c */; };
		F46A85EE2AAF693100FA3ABC /* v_bit_image.c in Sources */ = {isa = PBXBuildFile; fileRef = F46A85ED2AAF693100FA3ABC /* v_bit_image.c */; };
		F46A85F02AAFB8F600FA3ABC /* vs_clip.c in Sources */ = {isa = PBXBuildFile; fileRef = F46A85EF2AAFB8F600FA3ABC /* vs_clip.c */; };
		F46A85F22AAFBD7500FA3ABC /* vsl_color.c in Sources */ = {isa = PBXBuildFile; fileRef = F46A85F12AAFBD7500FA3ABC /* vsl_color.c */; };
		F46A85F42AAFD32500FA3ABC /* vsl_type.c in Sources */ = {isa = PBXBuildFile; fileRef = F46A85F32AAFD32400FA3ABC /* vsl_type.c */; };
		F46A85F62AAFD3C400FA3ABC /* vsl_width.c in Sources */ = {isa = PBXBuildFile; fileRef = F46A85F52AAFD3C400FA3ABC /* vsl_width.c */; };
		F46A85F82AB0124200FA3ABC /* vsl_ends.c in Sources */ = {isa = PBXBuildFile; fileRef = F46A85F72AB0124200FA3ABC /* vsl_ends.c */; };
		F46A85FA2AB01E1F00FA3ABC /* v_pline.c in Sources */ = {isa = PBXBuildFile; fileRef = F46A85F92AB01E1F00FA3ABC /* v_pline.c */; };
		F4E340A02AAAD389002390BA /* main.c in Sources */ = {isa = PBXBuildFile; fileRef = F4E3409F2AAAD389002390BA /* main.c */; };
		F4E340B42AAAD6C3002390BA /* v_opnvwk.c in Sources */ = {isa = PBXBuildFile; fileRef = F4E340B22AAAD6C3002390BA /* v_opnvwk.c */; };
		F4E340B72AAAD6DE002390BA /* gemio.h in Headers */ = {isa = PBXBuildFile; fileRef = F4E340B52AAAD6DE002390BA /* gemio.h */; };
		F4E340B82AAAD6DE002390BA /* gemio.c in Sources */ = {isa = PBXBuildFile; fileRef = F4E340B62AAAD6DE002390BA /* gemio.c */; };
		F4E340BC2AAADE13002390BA /* vec.h in Headers */ = {isa = PBXBuildFile; fileRef = F4E340BA2AAADE13002390BA /* vec.h */; };
		F4E340BD2AAADE13002390BA /* vec.c in Sources */ = {isa = PBXBuildFile; fileRef = F4E340BB2AAADE13002390BA /* vec.c */; };
		F4E340C02AAADF4F002390BA /* libgemc.a in Frameworks */ = {isa = PBXBuildFile; fileRef = F4E340AA2AAAD3E1002390BA /* libgemc.a */; };
		F4E340C52AAAE05A002390BA /* gemmsg.h in Headers */ = {isa = PBXBuildFile; fileRef = F4E340C32AAAE05A002390BA /* gemmsg.h */; };
		F4E340C62AAAE05A002390BA /* gemmsg.c in Sources */ = {isa = PBXBuildFile; fileRef = F4E340C42AAAE05A002390BA /* gemmsg.c */; };
/* End PBXBuildFile section */

/* Begin PBXContainerItemProxy section */
		F4E340C12AAADF56002390BA /* PBXContainerItemProxy */ = {
			isa = PBXContainerItemProxy;
			containerPortal = F4E340942AAAD389002390BA /* Project object */;
			proxyType = 1;
			remoteGlobalIDString = F4E340A92AAAD3E1002390BA;
			remoteInfo = gemc;
		};
/* End PBXContainerItemProxy section */

/* Begin PBXCopyFilesBuildPhase section */
		F4E3409A2AAAD389002390BA /* CopyFiles */ = {
			isa = PBXCopyFilesBuildPhase;
			buildActionMask = 2147483647;
			dstPath = /usr/share/man/man1/;
			dstSubfolderSpec = 0;
			files = (
			);
			runOnlyForDeploymentPostprocessing = 1;
		};
/* End PBXCopyFilesBuildPhase section */

/* Begin PBXFileReference section */
		F46A85B32AAEA2AE00FA3ABC /* v_clrwk.c */ = {isa = PBXFileReference; lastKnownFileType = sourcecode.c.c; path = v_clrwk.c; sourceTree = "<group>"; };
		F46A85B52AAEA56200FA3ABC /* v_updwk.c */ = {isa = PBXFileReference; lastKnownFileType = sourcecode.c.c; path = v_updwk.c; sourceTree = "<group>"; };
		F46A85B82AAEA5A100FA3ABC /* vq_chcells.c */ = {isa = PBXFileReference; lastKnownFileType = sourcecode.c.c; path = vq_chcells.c; sourceTree = "<group>"; };
		F46A85BB2AAEB56700FA3ABC /* vq_exit_cur.c */ = {isa = PBXFileReference; lastKnownFileType = sourcecode.c.c; path = vq_exit_cur.c; sourceTree = "<group>"; };
		F46A85BD2AAEB6FE00FA3ABC /* v_enter_cur.c */ = {isa = PBXFileReference; lastKnownFileType = sourcecode.c.c; path = v_enter_cur.c; sourceTree = "<group>"; };
		F46A85C02AAEB87500FA3ABC /* v_curup.c */ = {isa = PBXFileReference; lastKnownFileType = sourcecode.c.c; path = v_curup.c; sourceTree = "<group>"; };
		F46A85C32AAEB99600FA3ABC /* v_curdown.c */ = {isa = PBXFileReference; lastKnownFileType = sourcecode.c.c; path = v_curdown.c; sourceTree = "<group>"; };
		F46A85C52AAEBB4100FA3ABC /* v_curright.c */ = {isa = PBXFileReference; lastKnownFileType = sourcecode.c.c; path = v_curright.c; sourceTree = "<group>"; };
		F46A85C72AAEBE7900FA3ABC /* v_curleft.c */ = {isa = PBXFileReference; lastKnownFileType = sourcecode.c.c; path = v_curleft.c; sourceTree = "<group>"; };
		F46A85C92AAEBEFD00FA3ABC /* v_curhome.c */ = {isa = PBXFileReference; lastKnownFileType = sourcecode.c.c; path = v_curhome.c; sourceTree = "<group>"; };
		F46A85CB2AAEBFD600FA3ABC /* v_eeos.c */ = {isa = PBXFileReference; lastKnownFileType = sourcecode.c.c; path = v_eeos.c; sourceTree = "<group>"; };
		F46A85CD2AAEC0B600FA3ABC /* v_eeol.c */ = {isa = PBXFileReference; lastKnownFileType = sourcecode.c.c; path = v_eeol.c; sourceTree = "<group>"; };
		F46A85CF2AAEC47900FA3ABC /* vs_curaddress.c */ = {isa = PBXFileReference; lastKnownFileType = sourcecode.c.c; path = vs_curaddress.c; sourceTree = "<group>"; };
		F46A85D12AAECACA00FA3ABC /* v_curtext.c */ = {isa = PBXFileReference; lastKnownFileType = sourcecode.c.c; path = v_curtext.c; sourceTree = "<group>"; };
		F46A85D32AAED0F400FA3ABC /* v_rvon.c */ = {isa = PBXFileReference; lastKnownFileType = sourcecode.c.c; path = v_rvon.c; sourceTree = "<group>"; };
		F46A85D52AAED14600FA3ABC /* v_rvoff.c */ = {isa = PBXFileReference; lastKnownFileType = sourcecode.c.c; path = v_rvoff.c; sourceTree = "<group>"; };
		F46A85D72AAED79F00FA3ABC /* vq_curaddress.c */ = {isa = PBXFileReference; lastKnownFileType = sourcecode.c.c; path = vq_curaddress.c; sourceTree = "<group>"; };
		F46A85D92AAF636F00FA3ABC /* vq_hardcopy.c */ = {isa = PBXFileReference; lastKnownFileType = sourcecode.c.c; path = vq_hardcopy.c; sourceTree = "<group>"; };
		F46A85DC2AAF640500FA3ABC /* vq_tabstatus.c */ = {isa = PBXFileReference; lastKnownFileType = sourcecode.c.c; path = vq_tabstatus.c; sourceTree = "<group>"; };
		F46A85E02AAF646100FA3ABC /* v_dspcur.c */ = {isa = PBXFileReference; lastKnownFileType = sourcecode.c.c; path = v_dspcur.c; sourceTree = "<group>"; };
		F46A85E32AAF66A200FA3ABC /* v_rmcur.c */ = {isa = PBXFileReference; lastKnownFileType = sourcecode.c.c; path = v_rmcur.c; sourceTree = "<group>"; };
		F46A85E52AAF676900FA3ABC /* v_form_adv.c */ = {isa = PBXFileReference; lastKnownFileType = sourcecode.c.c; path = v_form_adv.c; sourceTree = "<group>"; };
		F46A85E72AAF67EC00FA3ABC /* v_output_window.c */ = {isa = PBXFileReference; lastKnownFileType = sourcecode.c.c; path = v_output_window.c; sourceTree = "<group>"; };
		F46A85EA2AAF684D00FA3ABC /* v_clear_disp_list.c */ = {isa = PBXFileReference; lastKnownFileType = sourcecode.c.c; path = v_clear_disp_list.c; sourceTree = "<group>"; };
		F46A85ED2AAF693100FA3ABC /* v_bit_image.c */ = {isa = PBXFileReference; lastKnownFileType = sourcecode.c.c; path = v_bit_image.c; sourceTree = "<group>"; };
		F46A85EF2AAFB8F600FA3ABC /* vs_clip.c */ = {isa = PBXFileReference; lastKnownFileType = sourcecode.c.c; path = vs_clip.c; sourceTree = "<group>"; };
		F46A85F12AAFBD7500FA3ABC /* vsl_color.c */ = {isa = PBXFileReference; lastKnownFileType = sourcecode.c.c; path = vsl_color.c; sourceTree = "<group>"; };
		F46A85F32AAFD32400FA3ABC /* vsl_type.c */ = {isa = PBXFileReference; lastKnownFileType = sourcecode.c.c; path = vsl_type.c; sourceTree = "<group>"; };
		F46A85F52AAFD3C400FA3ABC /* vsl_width.c */ = {isa = PBXFileReference; lastKnownFileType = sourcecode.c.c; path = vsl_width.c; sourceTree = "<group>"; };
		F46A85F72AB0124200FA3ABC /* vsl_ends.c */ = {isa = PBXFileReference; lastKnownFileType = sourcecode.c.c; path = vsl_ends.c; sourceTree = "<group>"; };
		F46A85F92AB01E1F00FA3ABC /* v_pline.c */ = {isa = PBXFileReference; lastKnownFileType = sourcecode.c.c; path = v_pline.c; sourceTree = "<group>"; };
		F4E3409C2AAAD389002390BA /* client */ = {isa = PBXFileReference; explicitFileType = "compiled.mach-o.executable"; includeInIndex = 0; path = client; sourceTree = BUILT_PRODUCTS_DIR; };
		F4E3409F2AAAD389002390BA /* main.c */ = {isa = PBXFileReference; lastKnownFileType = sourcecode.c.c; path = main.c; sourceTree = "<group>"; };
		F4E340AA2AAAD3E1002390BA /* libgemc.a */ = {isa = PBXFileReference; explicitFileType = archive.ar; includeInIndex = 0; path = libgemc.a; sourceTree = BUILT_PRODUCTS_DIR; };
		F4E340B22AAAD6C3002390BA /* v_opnvwk.c */ = {isa = PBXFileReference; fileEncoding = 4; lastKnownFileType = sourcecode.c.c; path = v_opnvwk.c; sourceTree = "<group>"; };
		F4E340B52AAAD6DE002390BA /* gemio.h */ = {isa = PBXFileReference; lastKnownFileType = sourcecode.c.h; path = gemio.h; sourceTree = "<group>"; };
		F4E340B62AAAD6DE002390BA /* gemio.c */ = {isa = PBXFileReference; lastKnownFileType = sourcecode.c.c; path = gemio.c; sourceTree = "<group>"; };
		F4E340BA2AAADE13002390BA /* vec.h */ = {isa = PBXFileReference; fileEncoding = 4; lastKnownFileType = sourcecode.c.h; path = vec.h; sourceTree = "<group>"; };
		F4E340BB2AAADE13002390BA /* vec.c */ = {isa = PBXFileReference; fileEncoding = 4; lastKnownFileType = sourcecode.c.c; path = vec.c; sourceTree = "<group>"; };
		F4E340BE2AAADEDB002390BA /* vdi.h */ = {isa = PBXFileReference; lastKnownFileType = sourcecode.c.h; path = vdi.h; sourceTree = "<group>"; };
		F4E340C32AAAE05A002390BA /* gemmsg.h */ = {isa = PBXFileReference; lastKnownFileType = sourcecode.c.h; path = gemmsg.h; sourceTree = "<group>"; };
		F4E340C42AAAE05A002390BA /* gemmsg.c */ = {isa = PBXFileReference; lastKnownFileType = sourcecode.c.c; path = gemmsg.c; sourceTree = "<group>"; };
/* End PBXFileReference section */

/* Begin PBXFrameworksBuildPhase section */
		F4E340992AAAD389002390BA /* Frameworks */ = {
			isa = PBXFrameworksBuildPhase;
			buildActionMask = 2147483647;
			files = (
				F4E340C02AAADF4F002390BA /* libgemc.a in Frameworks */,
			);
			runOnlyForDeploymentPostprocessing = 0;
		};
		F4E340A82AAAD3E1002390BA /* Frameworks */ = {
			isa = PBXFrameworksBuildPhase;
			buildActionMask = 2147483647;
			files = (
			);
			runOnlyForDeploymentPostprocessing = 0;
		};
/* End PBXFrameworksBuildPhase section */

/* Begin PBXGroup section */
		F4E340932AAAD389002390BA = {
			isa = PBXGroup;
			children = (
				F4E340AE2AAAD43B002390BA /* gemc */,
				F4E3409E2AAAD389002390BA /* gemtest */,
				F4E3409D2AAAD389002390BA /* Products */,
				F4E340BF2AAADF4F002390BA /* Frameworks */,
			);
			sourceTree = "<group>";
		};
		F4E3409D2AAAD389002390BA /* Products */ = {
			isa = PBXGroup;
			children = (
				F4E3409C2AAAD389002390BA /* client */,
				F4E340AA2AAAD3E1002390BA /* libgemc.a */,
			);
			name = Products;
			sourceTree = "<group>";
		};
		F4E3409E2AAAD389002390BA /* gemtest */ = {
			isa = PBXGroup;
			children = (
				F4E3409F2AAAD389002390BA /* main.c */,
			);
			path = gemtest;
			sourceTree = "<group>";
		};
		F4E340AE2AAAD43B002390BA /* gemc */ = {
			isa = PBXGroup;
			children = (
				F4E340B92AAADE13002390BA /* util */,
				F4E340B32AAAD6C3002390BA /* internal */,
				F4E340B12AAAD6C3002390BA /* vdi */,
			);
			path = gemc;
			sourceTree = "<group>";
		};
		F4E340B12AAAD6C3002390BA /* vdi */ = {
			isa = PBXGroup;
			children = (
				F4E340BE2AAADEDB002390BA /* vdi.h */,
				F4E340B22AAAD6C3002390BA /* v_opnvwk.c */,
				F46A85B32AAEA2AE00FA3ABC /* v_clrwk.c */,
				F46A85B52AAEA56200FA3ABC /* v_updwk.c */,
				F46A85B82AAEA5A100FA3ABC /* vq_chcells.c */,
				F46A85BB2AAEB56700FA3ABC /* vq_exit_cur.c */,
				F46A85BD2AAEB6FE00FA3ABC /* v_enter_cur.c */,
				F46A85C02AAEB87500FA3ABC /* v_curup.c */,
				F46A85C32AAEB99600FA3ABC /* v_curdown.c */,
				F46A85C52AAEBB4100FA3ABC /* v_curright.c */,
				F46A85C72AAEBE7900FA3ABC /* v_curleft.c */,
				F46A85C92AAEBEFD00FA3ABC /* v_curhome.c */,
				F46A85CB2AAEBFD600FA3ABC /* v_eeos.c */,
				F46A85CD2AAEC0B600FA3ABC /* v_eeol.c */,
				F46A85CF2AAEC47900FA3ABC /* vs_curaddress.c */,
				F46A85D12AAECACA00FA3ABC /* v_curtext.c */,
				F46A85D32AAED0F400FA3ABC /* v_rvon.c */,
				F46A85D52AAED14600FA3ABC /* v_rvoff.c */,
				F46A85D72AAED79F00FA3ABC /* vq_curaddress.c */,
				F46A85D92AAF636F00FA3ABC /* vq_hardcopy.c */,
				F46A85DC2AAF640500FA3ABC /* vq_tabstatus.c */,
				F46A85E02AAF646100FA3ABC /* v_dspcur.c */,
				F46A85E32AAF66A200FA3ABC /* v_rmcur.c */,
				F46A85E52AAF676900FA3ABC /* v_form_adv.c */,
				F46A85E72AAF67EC00FA3ABC /* v_output_window.c */,
				F46A85EA2AAF684D00FA3ABC /* v_clear_disp_list.c */,
				F46A85ED2AAF693100FA3ABC /* v_bit_image.c */,
				F46A85EF2AAFB8F600FA3ABC /* vs_clip.c */,
				F46A85F12AAFBD7500FA3ABC /* vsl_color.c */,
				F46A85F32AAFD32400FA3ABC /* vsl_type.c */,
				F46A85F52AAFD3C400FA3ABC /* vsl_width.c */,
				F46A85F72AB0124200FA3ABC /* vsl_ends.c */,
				F46A85F92AB01E1F00FA3ABC /* v_pline.c */,
			);
			path = vdi;
			sourceTree = "<group>";
		};
		F4E340B32AAAD6C3002390BA /* internal */ = {
			isa = PBXGroup;
			children = (
				F4E340B52AAAD6DE002390BA /* gemio.h */,
				F4E340B62AAAD6DE002390BA /* gemio.c */,
				F4E340C32AAAE05A002390BA /* gemmsg.h */,
				F4E340C42AAAE05A002390BA /* gemmsg.c */,
			);
			path = internal;
			sourceTree = "<group>";
		};
		F4E340B92AAADE13002390BA /* util */ = {
			isa = PBXGroup;
			children = (
				F4E340BA2AAADE13002390BA /* vec.h */,
				F4E340BB2AAADE13002390BA /* vec.c */,
			);
			path = util;
			sourceTree = SOURCE_ROOT;
		};
		F4E340BF2AAADF4F002390BA /* Frameworks */ = {
			isa = PBXGroup;
			children = (
			);
			name = Frameworks;
			sourceTree = "<group>";
		};
/* End PBXGroup section */

/* Begin PBXHeadersBuildPhase section */
		F4E340A62AAAD3E1002390BA /* Headers */ = {
			isa = PBXHeadersBuildPhase;
			buildActionMask = 2147483647;
			files = (
				F4E340C52AAAE05A002390BA /* gemmsg.h in Headers */,
				F4E340B72AAAD6DE002390BA /* gemio.h in Headers */,
				F4E340BC2AAADE13002390BA /* vec.h in Headers */,
			);
			runOnlyForDeploymentPostprocessing = 0;
		};
/* End PBXHeadersBuildPhase section */

/* Begin PBXNativeTarget section */
		F4E3409B2AAAD389002390BA /* client */ = {
			isa = PBXNativeTarget;
			buildConfigurationList = F4E340A32AAAD389002390BA /* Build configuration list for PBXNativeTarget "client" */;
			buildPhases = (
				F4E340982AAAD389002390BA /* Sources */,
				F4E340992AAAD389002390BA /* Frameworks */,
				F4E3409A2AAAD389002390BA /* CopyFiles */,
			);
			buildRules = (
			);
			dependencies = (
				F4E340C22AAADF56002390BA /* PBXTargetDependency */,
			);
			name = client;
			productName = client;
			productReference = F4E3409C2AAAD389002390BA /* client */;
			productType = "com.apple.product-type.tool";
		};
		F4E340A92AAAD3E1002390BA /* gemc */ = {
			isa = PBXNativeTarget;
			buildConfigurationList = F4E340AB2AAAD3E1002390BA /* Build configuration list for PBXNativeTarget "gemc" */;
			buildPhases = (
				F4E340A62AAAD3E1002390BA /* Headers */,
				F4E340A72AAAD3E1002390BA /* Sources */,
				F4E340A82AAAD3E1002390BA /* Frameworks */,
			);
			buildRules = (
			);
			dependencies = (
			);
			name = gemc;
			productName = gemc;
			productReference = F4E340AA2AAAD3E1002390BA /* libgemc.a */;
			productType = "com.apple.product-type.library.static";
		};
/* End PBXNativeTarget section */

/* Begin PBXProject section */
		F4E340942AAAD389002390BA /* Project object */ = {
			isa = PBXProject;
			attributes = {
				BuildIndependentTargetsInParallel = 1;
				LastUpgradeCheck = 1400;
				TargetAttributes = {
					F4E3409B2AAAD389002390BA = {
						CreatedOnToolsVersion = 14.0.1;
					};
					F4E340A92AAAD3E1002390BA = {
						CreatedOnToolsVersion = 14.0.1;
					};
				};
			};
			buildConfigurationList = F4E340972AAAD389002390BA /* Build configuration list for PBXProject "client" */;
			compatibilityVersion = "Xcode 14.0";
			developmentRegion = en;
			hasScannedForEncodings = 0;
			knownRegions = (
				en,
				Base,
			);
			mainGroup = F4E340932AAAD389002390BA;
			productRefGroup = F4E3409D2AAAD389002390BA /* Products */;
			projectDirPath = "";
			projectRoot = "";
			targets = (
				F4E3409B2AAAD389002390BA /* client */,
				F4E340A92AAAD3E1002390BA /* gemc */,
			);
		};
/* End PBXProject section */

/* Begin PBXSourcesBuildPhase section */
		F4E340982AAAD389002390BA /* Sources */ = {
			isa = PBXSourcesBuildPhase;
			buildActionMask = 2147483647;
			files = (
				F4E340A02AAAD389002390BA /* main.c in Sources */,
			);
			runOnlyForDeploymentPostprocessing = 0;
		};
		F4E340A72AAAD3E1002390BA /* Sources */ = {
			isa = PBXSourcesBuildPhase;
			buildActionMask = 2147483647;
			files = (
				F46A85C22AAEB87500FA3ABC /* v_curup.c in Sources */,
				F46A85F82AB0124200FA3ABC /* vsl_ends.c in Sources */,
				F46A85CC2AAEBFD600FA3ABC /* v_eeos.c in Sources */,
				F46A85C82AAEBE7900FA3ABC /* v_curleft.c in Sources */,
				F46A85CE2AAEC0B600FA3ABC /* v_eeol.c in Sources */,
				F46A85BE2AAEB6FE00FA3ABC /* v_enter_cur.c in Sources */,
				F46A85D82AAED79F00FA3ABC /* vq_curaddress.c in Sources */,
				F46A85E62AAF676900FA3ABC /* v_form_adv.c in Sources */,
				F46A85D02AAEC47900FA3ABC /* vs_curaddress.c in Sources */,
				F46A85D62AAED14600FA3ABC /* v_rvoff.c in Sources */,
				F46A85C62AAEBB4100FA3ABC /* v_curright.c in Sources */,
				F46A85C42AAEB99600FA3ABC /* v_curdown.c in Sources */,
				F4E340BD2AAADE13002390BA /* vec.c in Sources */,
				F4E340C62AAAE05A002390BA /* gemmsg.c in Sources */,
				F46A85F22AAFBD7500FA3ABC /* vsl_color.c in Sources */,
				F46A85D22AAECACA00FA3ABC /* v_curtext.c in Sources */,
				F46A85DE2AAF640500FA3ABC /* vq_tabstatus.c in Sources */,
				F46A85EE2AAF693100FA3ABC /* v_bit_image.c in Sources */,
				F46A85F42AAFD32500FA3ABC /* vsl_type.c in Sources */,
				F46A85F62AAFD3C400FA3ABC /* vsl_width.c in Sources */,
				F4E340B42AAAD6C3002390BA /* v_opnvwk.c in Sources */,
				F46A85B42AAEA2AE00FA3ABC /* v_clrwk.c in Sources */,
				F46A85F02AAFB8F600FA3ABC /* vs_clip.c in Sources */,
				F46A85BA2AAEA5A100FA3ABC /* vq_chcells.c in Sources */,
				F46A85EC2AAF684D00FA3ABC /* v_clear_disp_list.c in Sources */,
				F46A85E22AAF646100FA3ABC /* v_dspcur.c in Sources */,
				F46A85DA2AAF636F00FA3ABC /* vq_hardcopy.c in Sources */,
				F46A85E42AAF66A200FA3ABC /* v_rmcur.c in Sources */,
				F46A85CA2AAEBEFD00FA3ABC /* v_curhome.c in Sources */,
				F46A85B62AAEA56200FA3ABC /* v_updwk.c in Sources */,
				F4E340B82AAAD6DE002390BA /* gemio.c in Sources */,
				F46A85BC2AAEB56700FA3ABC /* vq_exit_cur.c in Sources */,
				F46A85D42AAED0F400FA3ABC /* v_rvon.c in Sources */,
				F46A85FA2AB01E1F00FA3ABC /* v_pline.c in Sources */,
				F46A85E82AAF67EC00FA3ABC /* v_output_window.c in Sources */,
			);
			runOnlyForDeploymentPostprocessing = 0;
		};
/* End PBXSourcesBuildPhase section */

/* Begin PBXTargetDependency section */
		F4E340C22AAADF56002390BA /* PBXTargetDependency */ = {
			isa = PBXTargetDependency;
			target = F4E340A92AAAD3E1002390BA /* gemc */;
			targetProxy = F4E340C12AAADF56002390BA /* PBXContainerItemProxy */;
		};
/* End PBXTargetDependency section */

/* Begin XCBuildConfiguration section */
		F4E340A12AAAD389002390BA /* Debug */ = {
			isa = XCBuildConfiguration;
			buildSettings = {
				ALWAYS_SEARCH_USER_PATHS = NO;
				CLANG_ANALYZER_NONNULL = YES;
				CLANG_ANALYZER_NUMBER_OBJECT_CONVERSION = YES_AGGRESSIVE;
				CLANG_CXX_LANGUAGE_STANDARD = "gnu++20";
				CLANG_ENABLE_MODULES = YES;
				CLANG_ENABLE_OBJC_ARC = YES;
				CLANG_ENABLE_OBJC_WEAK = YES;
				CLANG_WARN_BLOCK_CAPTURE_AUTORELEASING = YES;
				CLANG_WARN_BOOL_CONVERSION = YES;
				CLANG_WARN_COMMA = YES;
				CLANG_WARN_CONSTANT_CONVERSION = YES;
				CLANG_WARN_DEPRECATED_OBJC_IMPLEMENTATIONS = YES;
				CLANG_WARN_DIRECT_OBJC_ISA_USAGE = YES_ERROR;
				CLANG_WARN_DOCUMENTATION_COMMENTS = YES;
				CLANG_WARN_EMPTY_BODY = YES;
				CLANG_WARN_ENUM_CONVERSION = YES;
				CLANG_WARN_INFINITE_RECURSION = YES;
				CLANG_WARN_INT_CONVERSION = YES;
				CLANG_WARN_NON_LITERAL_NULL_CONVERSION = YES;
				CLANG_WARN_OBJC_IMPLICIT_RETAIN_SELF = YES;
				CLANG_WARN_OBJC_LITERAL_CONVERSION = YES;
				CLANG_WARN_OBJC_ROOT_CLASS = YES_ERROR;
				CLANG_WARN_QUOTED_INCLUDE_IN_FRAMEWORK_HEADER = YES;
				CLANG_WARN_RANGE_LOOP_ANALYSIS = YES;
				CLANG_WARN_STRICT_PROTOTYPES = YES;
				CLANG_WARN_SUSPICIOUS_MOVE = YES;
				CLANG_WARN_UNGUARDED_AVAILABILITY = YES_AGGRESSIVE;
				CLANG_WARN_UNREACHABLE_CODE = YES;
				CLANG_WARN__DUPLICATE_METHOD_MATCH = YES;
				COPY_PHASE_STRIP = NO;
				DEBUG_INFORMATION_FORMAT = dwarf;
				ENABLE_STRICT_OBJC_MSGSEND = YES;
				ENABLE_TESTABILITY = YES;
				GCC_C_LANGUAGE_STANDARD = gnu11;
				GCC_DYNAMIC_NO_PIC = NO;
				GCC_NO_COMMON_BLOCKS = YES;
				GCC_OPTIMIZATION_LEVEL = 0;
				GCC_PREPROCESSOR_DEFINITIONS = (
					"DEBUG=1",
					"$(inherited)",
				);
				GCC_WARN_64_TO_32_BIT_CONVERSION = YES;
				GCC_WARN_ABOUT_RETURN_TYPE = YES_ERROR;
				GCC_WARN_UNDECLARED_SELECTOR = YES;
				GCC_WARN_UNINITIALIZED_AUTOS = YES_AGGRESSIVE;
				GCC_WARN_UNUSED_FUNCTION = YES;
				GCC_WARN_UNUSED_VARIABLE = YES;
				MACOSX_DEPLOYMENT_TARGET = 12.3;
				MTL_ENABLE_DEBUG_INFO = INCLUDE_SOURCE;
				MTL_FAST_MATH = YES;
				ONLY_ACTIVE_ARCH = YES;
				SDKROOT = macosx;
			};
			name = Debug;
		};
		F4E340A22AAAD389002390BA /* Release */ = {
			isa = XCBuildConfiguration;
			buildSettings = {
				ALWAYS_SEARCH_USER_PATHS = NO;
				CLANG_ANALYZER_NONNULL = YES;
				CLANG_ANALYZER_NUMBER_OBJECT_CONVERSION = YES_AGGRESSIVE;
				CLANG_CXX_LANGUAGE_STANDARD = "gnu++20";
				CLANG_ENABLE_MODULES = YES;
				CLANG_ENABLE_OBJC_ARC = YES;
				CLANG_ENABLE_OBJC_WEAK = YES;
				CLANG_WARN_BLOCK_CAPTURE_AUTORELEASING = YES;
				CLANG_WARN_BOOL_CONVERSION = YES;
				CLANG_WARN_COMMA = YES;
				CLANG_WARN_CONSTANT_CONVERSION = YES;
				CLANG_WARN_DEPRECATED_OBJC_IMPLEMENTATIONS = YES;
				CLANG_WARN_DIRECT_OBJC_ISA_USAGE = YES_ERROR;
				CLANG_WARN_DOCUMENTATION_COMMENTS = YES;
				CLANG_WARN_EMPTY_BODY = YES;
				CLANG_WARN_ENUM_CONVERSION = YES;
				CLANG_WARN_INFINITE_RECURSION = YES;
				CLANG_WARN_INT_CONVERSION = YES;
				CLANG_WARN_NON_LITERAL_NULL_CONVERSION = YES;
				CLANG_WARN_OBJC_IMPLICIT_RETAIN_SELF = YES;
				CLANG_WARN_OBJC_LITERAL_CONVERSION = YES;
				CLANG_WARN_OBJC_ROOT_CLASS = YES_ERROR;
				CLANG_WARN_QUOTED_INCLUDE_IN_FRAMEWORK_HEADER = YES;
				CLANG_WARN_RANGE_LOOP_ANALYSIS = YES;
				CLANG_WARN_STRICT_PROTOTYPES = YES;
				CLANG_WARN_SUSPICIOUS_MOVE = YES;
				CLANG_WARN_UNGUARDED_AVAILABILITY = YES_AGGRESSIVE;
				CLANG_WARN_UNREACHABLE_CODE = YES;
				CLANG_WARN__DUPLICATE_METHOD_MATCH = YES;
				COPY_PHASE_STRIP = NO;
				DEBUG_INFORMATION_FORMAT = "dwarf-with-dsym";
				ENABLE_NS_ASSERTIONS = NO;
				ENABLE_STRICT_OBJC_MSGSEND = YES;
				GCC_C_LANGUAGE_STANDARD = gnu11;
				GCC_NO_COMMON_BLOCKS = YES;
				GCC_WARN_64_TO_32_BIT_CONVERSION = YES;
				GCC_WARN_ABOUT_RETURN_TYPE = YES_ERROR;
				GCC_WARN_UNDECLARED_SELECTOR = YES;
				GCC_WARN_UNINITIALIZED_AUTOS = YES_AGGRESSIVE;
				GCC_WARN_UNUSED_FUNCTION = YES;
				GCC_WARN_UNUSED_VARIABLE = YES;
				MACOSX_DEPLOYMENT_TARGET = 12.3;
				MTL_ENABLE_DEBUG_INFO = NO;
				MTL_FAST_MATH = YES;
				SDKROOT = macosx;
			};
			name = Release;
		};
		F4E340A42AAAD389002390BA /* Debug */ = {
			isa = XCBuildConfiguration;
			buildSettings = {
				CODE_SIGN_STYLE = Automatic;
				DEVELOPMENT_TEAM = "";
				ENABLE_HARDENED_RUNTIME = YES;
				HEADER_SEARCH_PATHS = "$(PROJECT_DIR)/../shared";
				PRODUCT_NAME = "$(TARGET_NAME)";
			};
			name = Debug;
		};
		F4E340A52AAAD389002390BA /* Release */ = {
			isa = XCBuildConfiguration;
			buildSettings = {
				CODE_SIGN_STYLE = Automatic;
				DEVELOPMENT_TEAM = "";
				ENABLE_HARDENED_RUNTIME = YES;
				HEADER_SEARCH_PATHS = "$(PROJECT_DIR)/../shared";
				PRODUCT_NAME = "$(TARGET_NAME)";
			};
			name = Release;
		};
		F4E340AC2AAAD3E1002390BA /* Debug */ = {
			isa = XCBuildConfiguration;
			buildSettings = {
				CODE_SIGN_STYLE = Automatic;
				DEVELOPMENT_TEAM = S9DMW7WK55;
				EXECUTABLE_PREFIX = lib;
				HEADER_SEARCH_PATHS = "$(PROJECT_DIR)/../shared";
				PRODUCT_NAME = "$(TARGET_NAME)";
				SKIP_INSTALL = YES;
			};
			name = Debug;
		};
		F4E340AD2AAAD3E1002390BA /* Release */ = {
			isa = XCBuildConfiguration;
			buildSettings = {
				CODE_SIGN_STYLE = Automatic;
				DEVELOPMENT_TEAM = S9DMW7WK55;
				EXECUTABLE_PREFIX = lib;
				HEADER_SEARCH_PATHS = "$(PROJECT_DIR)/../shared";
				PRODUCT_NAME = "$(TARGET_NAME)";
				SKIP_INSTALL = YES;
			};
			name = Release;
		};
/* End XCBuildConfiguration section */

/* Begin XCConfigurationList section */
		F4E340972AAAD389002390BA /* Build configuration list for PBXProject "client" */ = {
			isa = XCConfigurationList;
			buildConfigurations = (
				F4E340A12AAAD389002390BA /* Debug */,
				F4E340A22AAAD389002390BA /* Release */,
			);
			defaultConfigurationIsVisible = 0;
			defaultConfigurationName = Release;
		};
		F4E340A32AAAD389002390BA /* Build configuration list for PBXNativeTarget "client" */ = {
			isa = XCConfigurationList;
			buildConfigurations = (
				F4E340A42AAAD389002390BA /* Debug */,
				F4E340A52AAAD389002390BA /* Release */,
			);
			defaultConfigurationIsVisible = 0;
			defaultConfigurationName = Release;
		};
		F4E340AB2AAAD3E1002390BA /* Build configuration list for PBXNativeTarget "gemc" */ = {
			isa = XCConfigurationList;
			buildConfigurations = (
				F4E340AC2AAAD3E1002390BA /* Debug */,
				F4E340AD2AAAD3E1002390BA /* Release */,
			);
			defaultConfigurationIsVisible = 0;
			defaultConfigurationName = Release;
		};
/* End XCConfigurationList section */
	};
	rootObject = F4E340942AAAD389002390BA /* Project object */;
}
