// !$*UTF8*$!
{
	archiveVersion = 1;
	classes = {
	};
	objectVersion = 56;
	objects = {

/* Begin PBXAggregateTarget section */
		F4680BFE2AE1DC160020BB5B /* All */ = {
			isa = PBXAggregateTarget;
			buildConfigurationList = F4680BFF2AE1DC160020BB5B /* Build configuration list for PBXAggregateTarget "All" */;
			buildPhases = (
			);
			dependencies = (
				F45B8B2C2AE7803A00A306B9 /* PBXTargetDependency */,
				F4680C072AE1DC260020BB5B /* PBXTargetDependency */,
				F4680C032AE1DC260020BB5B /* PBXTargetDependency */,
				F4680C052AE1DC260020BB5B /* PBXTargetDependency */,
				F4680C092AE1DC260020BB5B /* PBXTargetDependency */,
				F4680C0B2AE1DC260020BB5B /* PBXTargetDependency */,
				F4680C0D2AE1DC260020BB5B /* PBXTargetDependency */,
			);
			name = All;
			productName = All;
		};
/* End PBXAggregateTarget section */

/* Begin PBXBuildFile section */
		F4203F1C2AEAE40900BA0F24 /* wind_create.c in Sources */ = {isa = PBXBuildFile; fileRef = F4203F1B2AEAE40900BA0F24 /* wind_create.c */; };
		F45B8B122AE3426000A306B9 /* shel_find.c in Sources */ = {isa = PBXBuildFile; fileRef = F45B8B112AE3426000A306B9 /* shel_find.c */; };
		F45B8B142AE393E000A306B9 /* shel_get.c in Sources */ = {isa = PBXBuildFile; fileRef = F45B8B132AE393E000A306B9 /* shel_get.c */; };
		F45B8B162AE4403000A306B9 /* shel_put.c in Sources */ = {isa = PBXBuildFile; fileRef = F45B8B152AE4403000A306B9 /* shel_put.c */; };
		F45B8B182AE6304800A306B9 /* shel_write.c in Sources */ = {isa = PBXBuildFile; fileRef = F45B8B172AE6304800A306B9 /* shel_write.c */; };
		F45B8B212AE6C2CF00A306B9 /* main.c in Sources */ = {isa = PBXBuildFile; fileRef = F45B8B202AE6C2CF00A306B9 /* main.c */; };
		F45B8B272AE6C41D00A306B9 /* libgemc.a in Frameworks */ = {isa = PBXBuildFile; fileRef = F4E340AA2AAAD3E1002390BA /* libgemc.a */; };
		F45B8B2A2AE770D400A306B9 /* shel_read.c in Sources */ = {isa = PBXBuildFile; fileRef = F45B8B292AE770D400A306B9 /* shel_read.c */; };
		F45B8B2F2AE9B3A100A306B9 /* stringUtils.h in Headers */ = {isa = PBXBuildFile; fileRef = F45B8B2D2AE9B3A100A306B9 /* stringUtils.h */; };
		F45B8B302AE9B3A100A306B9 /* stringUtils.c in Sources */ = {isa = PBXBuildFile; fileRef = F45B8B2E2AE9B3A100A306B9 /* stringUtils.c */; };
		F4680BD92AB370150020BB5B /* vst_height.c in Sources */ = {isa = PBXBuildFile; fileRef = F4680BD82AB370150020BB5B /* vst_height.c */; };
		F4680BDB2AB370E60020BB5B /* vst_point.c in Sources */ = {isa = PBXBuildFile; fileRef = F4680BDA2AB370E60020BB5B /* vst_point.c */; };
		F4680BDD2AB3724B0020BB5B /* vst_rotation.c in Sources */ = {isa = PBXBuildFile; fileRef = F4680BDC2AB3724B0020BB5B /* vst_rotation.c */; };
		F4680BDF2AB376190020BB5B /* vst_font.c in Sources */ = {isa = PBXBuildFile; fileRef = F4680BDE2AB376190020BB5B /* vst_font.c */; };
		F4680BE12ABB68220020BB5B /* vr_trnfm.c in Sources */ = {isa = PBXBuildFile; fileRef = F4680BE02ABB68220020BB5B /* vr_trnfm.c */; };
		F4680BE32ACB268D0020BB5B /* vsc_form.c in Sources */ = {isa = PBXBuildFile; fileRef = F4680BE22ACB268D0020BB5B /* vsc_form.c */; };
		F4680BE52ACC91D60020BB5B /* vsf_udsty.c in Sources */ = {isa = PBXBuildFile; fileRef = F4680BE42ACC91D60020BB5B /* vsf_udsty.c */; };
		F4680BE72ACC9BED0020BB5B /* v_recfl.c in Sources */ = {isa = PBXBuildFile; fileRef = F4680BE62ACC9BED0020BB5B /* v_recfl.c */; };
		F4680BE92ACC9F550020BB5B /* vqin_mode.c in Sources */ = {isa = PBXBuildFile; fileRef = F4680BE82ACC9F550020BB5B /* vqin_mode.c */; };
		F4680BEB2ACCB8FC0020BB5B /* vqt_extent.c in Sources */ = {isa = PBXBuildFile; fileRef = F4680BEA2ACCB8FB0020BB5B /* vqt_extent.c */; };
		F4680BED2ACE05D50020BB5B /* vrt_cpyfm.c in Sources */ = {isa = PBXBuildFile; fileRef = F4680BEC2ACE05D50020BB5B /* vrt_cpyfm.c */; };
		F4680BF62ADEEEB80020BB5B /* main.c in Sources */ = {isa = PBXBuildFile; fileRef = F4680BF52ADEEEB80020BB5B /* main.c */; };
		F4680BFD2ADEF3030020BB5B /* libgemc.a in Frameworks */ = {isa = PBXBuildFile; fileRef = F4E340AA2AAAD3E1002390BA /* libgemc.a */; };
		F4680C102AE8344E0020BB5B /* shell_conv.h in Headers */ = {isa = PBXBuildFile; fileRef = F4680C0E2AE8344E0020BB5B /* shell_conv.h */; };
		F4680C112AE8344E0020BB5B /* shell_conv.c in Sources */ = {isa = PBXBuildFile; fileRef = F4680C0F2AE8344E0020BB5B /* shell_conv.c */; };
		F46A85B42AAEA2AE00FA3ABC /* v_clrwk.c in Sources */ = {isa = PBXBuildFile; fileRef = F46A85B32AAEA2AE00FA3ABC /* v_clrwk.c */; };
		F46A85B62AAEA56200FA3ABC /* v_updwk.c in Sources */ = {isa = PBXBuildFile; fileRef = F46A85B52AAEA56200FA3ABC /* v_updwk.c */; };
		F46A85BA2AAEA5A100FA3ABC /* vq_chcells.c in Sources */ = {isa = PBXBuildFile; fileRef = F46A85B82AAEA5A100FA3ABC /* vq_chcells.c */; };
		F46A85BC2AAEB56700FA3ABC /* v_exit_cur.c in Sources */ = {isa = PBXBuildFile; fileRef = F46A85BB2AAEB56700FA3ABC /* v_exit_cur.c */; };
		F46A85BE2AAEB6FE00FA3ABC /* v_enter_cur.c in Sources */ = {isa = PBXBuildFile; fileRef = F46A85BD2AAEB6FE00FA3ABC /* v_enter_cur.c */; };
		F46A85C22AAEB87500FA3ABC /* v_curup.c in Sources */ = {isa = PBXBuildFile; fileRef = F46A85C02AAEB87500FA3ABC /* v_curup.c */; };
		F46A85C42AAEB99600FA3ABC /* v_curdown.c in Sources */ = {isa = PBXBuildFile; fileRef = F46A85C32AAEB99600FA3ABC /* v_curdown.c */; };
		F46A85C62AAEBB4100FA3ABC /* v_curright.c in Sources */ = {isa = PBXBuildFile; fileRef = F46A85C52AAEBB4100FA3ABC /* v_curright.c */; };
		F46A85C82AAEBE7900FA3ABC /* v_curleft.c in Sources */ = {isa = PBXBuildFile; fileRef = F46A85C72AAEBE7900FA3ABC /* v_curleft.c */; };
		F46A85CA2AAEBEFD00FA3ABC /* v_curhome.c in Sources */ = {isa = PBXBuildFile; fileRef = F46A85C92AAEBEFD00FA3ABC /* v_curhome.c */; };
		F46A85CC2AAEBFD600FA3ABC /* v_eeos.c in Sources */ = {isa = PBXBuildFile; fileRef = F46A85CB2AAEBFD600FA3ABC /* v_eeos.c */; };
		F46A85CE2AAEC0B600FA3ABC /* v_eeol.c in Sources */ = {isa = PBXBuildFile; fileRef = F46A85CD2AAEC0B600FA3ABC /* v_eeol.c */; };
		F46A85D02AAEC47900FA3ABC /* vs_curaddress.c in Sources */ = {isa = PBXBuildFile; fileRef = F46A85CF2AAEC47900FA3ABC /* vs_curaddress.c */; };
		F46A85D22AAECACA00FA3ABC /* v_curtext.c in Sources */ = {isa = PBXBuildFile; fileRef = F46A85D12AAECACA00FA3ABC /* v_curtext.c */; };
		F46A85D42AAED0F400FA3ABC /* v_rvon.c in Sources */ = {isa = PBXBuildFile; fileRef = F46A85D32AAED0F400FA3ABC /* v_rvon.c */; };
		F46A85D62AAED14600FA3ABC /* v_rvoff.c in Sources */ = {isa = PBXBuildFile; fileRef = F46A85D52AAED14600FA3ABC /* v_rvoff.c */; };
		F46A85D82AAED79F00FA3ABC /* vq_curaddress.c in Sources */ = {isa = PBXBuildFile; fileRef = F46A85D72AAED79F00FA3ABC /* vq_curaddress.c */; };
		F46A85DA2AAF636F00FA3ABC /* vq_hardcopy.c in Sources */ = {isa = PBXBuildFile; fileRef = F46A85D92AAF636F00FA3ABC /* vq_hardcopy.c */; };
		F46A85DE2AAF640500FA3ABC /* vq_tabstatus.c in Sources */ = {isa = PBXBuildFile; fileRef = F46A85DC2AAF640500FA3ABC /* vq_tabstatus.c */; };
		F46A85E22AAF646100FA3ABC /* v_dspcur.c in Sources */ = {isa = PBXBuildFile; fileRef = F46A85E02AAF646100FA3ABC /* v_dspcur.c */; };
		F46A85E42AAF66A200FA3ABC /* v_rmcur.c in Sources */ = {isa = PBXBuildFile; fileRef = F46A85E32AAF66A200FA3ABC /* v_rmcur.c */; };
		F46A85E62AAF676900FA3ABC /* v_form_adv.c in Sources */ = {isa = PBXBuildFile; fileRef = F46A85E52AAF676900FA3ABC /* v_form_adv.c */; };
		F46A85E82AAF67EC00FA3ABC /* v_output_window.c in Sources */ = {isa = PBXBuildFile; fileRef = F46A85E72AAF67EC00FA3ABC /* v_output_window.c */; };
		F46A85EC2AAF684D00FA3ABC /* v_clear_disp_list.c in Sources */ = {isa = PBXBuildFile; fileRef = F46A85EA2AAF684D00FA3ABC /* v_clear_disp_list.c */; };
		F46A85EE2AAF693100FA3ABC /* v_bit_image.c in Sources */ = {isa = PBXBuildFile; fileRef = F46A85ED2AAF693100FA3ABC /* v_bit_image.c */; };
		F46A85F02AAFB8F600FA3ABC /* vs_clip.c in Sources */ = {isa = PBXBuildFile; fileRef = F46A85EF2AAFB8F600FA3ABC /* vs_clip.c */; };
		F46A85F22AAFBD7500FA3ABC /* vsl_color.c in Sources */ = {isa = PBXBuildFile; fileRef = F46A85F12AAFBD7500FA3ABC /* vsl_color.c */; };
		F46A85F42AAFD32500FA3ABC /* vsl_type.c in Sources */ = {isa = PBXBuildFile; fileRef = F46A85F32AAFD32400FA3ABC /* vsl_type.c */; };
		F46A85F62AAFD3C400FA3ABC /* vsl_width.c in Sources */ = {isa = PBXBuildFile; fileRef = F46A85F52AAFD3C400FA3ABC /* vsl_width.c */; };
		F46A85F82AB0124200FA3ABC /* vsl_ends.c in Sources */ = {isa = PBXBuildFile; fileRef = F46A85F72AB0124200FA3ABC /* vsl_ends.c */; };
		F46A85FA2AB01E1F00FA3ABC /* v_pline.c in Sources */ = {isa = PBXBuildFile; fileRef = F46A85F92AB01E1F00FA3ABC /* v_pline.c */; };
		F46A85FC2AB23D6900FA3ABC /* v_pmarker.c in Sources */ = {isa = PBXBuildFile; fileRef = F46A85FB2AB23D6900FA3ABC /* v_pmarker.c */; };
		F46A85FE2AB24A2700FA3ABC /* vsm_type.c in Sources */ = {isa = PBXBuildFile; fileRef = F46A85FD2AB24A2700FA3ABC /* vsm_type.c */; };
		F46A86002AB24C1300FA3ABC /* vsm_height.c in Sources */ = {isa = PBXBuildFile; fileRef = F46A85FF2AB24C1300FA3ABC /* vsm_height.c */; };
		F46A86022AB24EF500FA3ABC /* vsm_color.c in Sources */ = {isa = PBXBuildFile; fileRef = F46A86012AB24EF500FA3ABC /* vsm_color.c */; };
		F46A86042AB2930100FA3ABC /* vst_color.c in Sources */ = {isa = PBXBuildFile; fileRef = F46A86032AB2930100FA3ABC /* vst_color.c */; };
		F46A86062AB2964200FA3ABC /* vst_alignment.c in Sources */ = {isa = PBXBuildFile; fileRef = F46A86052AB2964200FA3ABC /* vst_alignment.c */; };
		F46A86082AB3A7BA00FA3ABC /* vst_effects.c in Sources */ = {isa = PBXBuildFile; fileRef = F46A86072AB3A7BA00FA3ABC /* vst_effects.c */; };
		F46A860A2AB3A91F00FA3ABC /* vst_load_fonts.c in Sources */ = {isa = PBXBuildFile; fileRef = F46A86092AB3A91F00FA3ABC /* vst_load_fonts.c */; };
		F46A860C2AB3B37A00FA3ABC /* vqt_name.c in Sources */ = {isa = PBXBuildFile; fileRef = F46A860B2AB3B37A00FA3ABC /* vqt_name.c */; };
		F46A860E2AB3C38B00FA3ABC /* v_gtext.c in Sources */ = {isa = PBXBuildFile; fileRef = F46A860D2AB3C38B00FA3ABC /* v_gtext.c */; };
		F46A86102AB40D8900FA3ABC /* vsf_interior.c in Sources */ = {isa = PBXBuildFile; fileRef = F46A860F2AB40D8900FA3ABC /* vsf_interior.c */; };
		F46A86122AB40F5F00FA3ABC /* vsf_style.c in Sources */ = {isa = PBXBuildFile; fileRef = F46A86112AB40F5F00FA3ABC /* vsf_style.c */; };
		F46A86142AB4155F00FA3ABC /* vsf_color.c in Sources */ = {isa = PBXBuildFile; fileRef = F46A86132AB4155F00FA3ABC /* vsf_color.c */; };
		F46A86162AB4F82C00FA3ABC /* vsf_perimeter.c in Sources */ = {isa = PBXBuildFile; fileRef = F46A86152AB4F82C00FA3ABC /* vsf_perimeter.c */; };
		F46A86182AB5491700FA3ABC /* v_fillarea.c in Sources */ = {isa = PBXBuildFile; fileRef = F46A86172AB5491700FA3ABC /* v_fillarea.c */; };
		F46A861A2AB56C2000FA3ABC /* vswr_mode.c in Sources */ = {isa = PBXBuildFile; fileRef = F46A86192AB56C2000FA3ABC /* vswr_mode.c */; };
		F46A861C2AB6234400FA3ABC /* v_bar.c in Sources */ = {isa = PBXBuildFile; fileRef = F46A861B2AB6234400FA3ABC /* v_bar.c */; };
		F46A861E2AB62A4E00FA3ABC /* v_pie.c in Sources */ = {isa = PBXBuildFile; fileRef = F46A861D2AB62A4E00FA3ABC /* v_pie.c */; };
		F46A86202AB62EA500FA3ABC /* v_circle.c in Sources */ = {isa = PBXBuildFile; fileRef = F46A861F2AB62EA500FA3ABC /* v_circle.c */; };
		F46A86222AB6312300FA3ABC /* v_ellipse.c in Sources */ = {isa = PBXBuildFile; fileRef = F46A86212AB6312300FA3ABC /* v_ellipse.c */; };
		F46A86242AB632C800FA3ABC /* v_ellpie.c in Sources */ = {isa = PBXBuildFile; fileRef = F46A86232AB632C800FA3ABC /* v_ellpie.c */; };
		F46A86262AB634E800FA3ABC /* v_rfbox.c in Sources */ = {isa = PBXBuildFile; fileRef = F46A86252AB634E800FA3ABC /* v_rfbox.c */; };
		F46A86282AB648BD00FA3ABC /* v_arc.c in Sources */ = {isa = PBXBuildFile; fileRef = F46A86272AB648BD00FA3ABC /* v_arc.c */; };
		F46A862A2AB64E0800FA3ABC /* v_ellarc.c in Sources */ = {isa = PBXBuildFile; fileRef = F46A86292AB64E0800FA3ABC /* v_ellarc.c */; };
		F46A862C2AB6624B00FA3ABC /* v_rbox.c in Sources */ = {isa = PBXBuildFile; fileRef = F46A862B2AB6624B00FA3ABC /* v_rbox.c */; };
		F46A862E2AB667B400FA3ABC /* v_justified.c in Sources */ = {isa = PBXBuildFile; fileRef = F46A862D2AB667B400FA3ABC /* v_justified.c */; };
		F46A86302AB66F1E00FA3ABC /* vs_color.c in Sources */ = {isa = PBXBuildFile; fileRef = F46A862F2AB66F1E00FA3ABC /* vs_color.c */; };
		F46A86322AB67A4F00FA3ABC /* vq_color.c in Sources */ = {isa = PBXBuildFile; fileRef = F46A86312AB67A4F00FA3ABC /* vq_color.c */; };
		F46A86342AB77E0B00FA3ABC /* vsin_mode.c in Sources */ = {isa = PBXBuildFile; fileRef = F46A86332AB77E0B00FA3ABC /* vsin_mode.c */; };
		F46A86362AB785C900FA3ABC /* vrq_locator.c in Sources */ = {isa = PBXBuildFile; fileRef = F46A86352AB785C900FA3ABC /* vrq_locator.c */; };
		F46A86382AB7B3A100FA3ABC /* vsm_locator.c in Sources */ = {isa = PBXBuildFile; fileRef = F46A86372AB7B3A100FA3ABC /* vsm_locator.c */; };
		F46A863A2AB7BAE000FA3ABC /* vrq_string.c in Sources */ = {isa = PBXBuildFile; fileRef = F46A86392AB7BAE000FA3ABC /* vrq_string.c */; };
		F46A863C2AB7D7A400FA3ABC /* vql_attributes.c in Sources */ = {isa = PBXBuildFile; fileRef = F46A863B2AB7D7A400FA3ABC /* vql_attributes.c */; };
		F46A863E2AB7ECEB00FA3ABC /* vqm_attributes.c in Sources */ = {isa = PBXBuildFile; fileRef = F46A863D2AB7ECEB00FA3ABC /* vqm_attributes.c */; };
		F46A86402AB7EEF300FA3ABC /* vqf_attributes.c in Sources */ = {isa = PBXBuildFile; fileRef = F46A863F2AB7EEF300FA3ABC /* vqf_attributes.c */; };
		F46A86422AB7F16800FA3ABC /* vqt_attributes.c in Sources */ = {isa = PBXBuildFile; fileRef = F46A86412AB7F16800FA3ABC /* vqt_attributes.c */; };
		F46A86442AB8004200FA3ABC /* v_clsvwk.c in Sources */ = {isa = PBXBuildFile; fileRef = F46A86432AB8004200FA3ABC /* v_clsvwk.c */; };
		F46A86462AB8EE0100FA3ABC /* vq_extnd.c in Sources */ = {isa = PBXBuildFile; fileRef = F46A86452AB8EE0100FA3ABC /* vq_extnd.c */; };
		F46A86482AB9102000FA3ABC /* v_contourfill.c in Sources */ = {isa = PBXBuildFile; fileRef = F46A86472AB9102000FA3ABC /* v_contourfill.c */; };
		F46A864A2ABA66DA00FA3ABC /* v_get_pixel.c in Sources */ = {isa = PBXBuildFile; fileRef = F46A86492ABA66DA00FA3ABC /* v_get_pixel.c */; };
		F46A864C2ABA69AA00FA3ABC /* vs_pixrgb.c in Sources */ = {isa = PBXBuildFile; fileRef = F46A864B2ABA69AA00FA3ABC /* vs_pixrgb.c */; };
		F46A864E2ABA6A2F00FA3ABC /* vq_pixrgb.c in Sources */ = {isa = PBXBuildFile; fileRef = F46A864D2ABA6A2F00FA3ABC /* vq_pixrgb.c */; };
		F46A86502ABAAAA600FA3ABC /* vro_cpyfm.c in Sources */ = {isa = PBXBuildFile; fileRef = F46A864F2ABAAAA600FA3ABC /* vro_cpyfm.c */; };
		F46A86582ABB89B100FA3ABC /* main.c in Sources */ = {isa = PBXBuildFile; fileRef = F46A86572ABB89B100FA3ABC /* main.c */; };
		F46A865E2ABB89CC00FA3ABC /* libgemc.a in Frameworks */ = {isa = PBXBuildFile; fileRef = F4E340AA2AAAD3E1002390BA /* libgemc.a */; };
		F46A86762ABEA73A00FA3ABC /* main.c in Sources */ = {isa = PBXBuildFile; fileRef = F46A86752ABEA73A00FA3ABC /* main.c */; };
		F46A867E2ABEA75000FA3ABC /* libgemc.a in Frameworks */ = {isa = PBXBuildFile; fileRef = F4E340AA2AAAD3E1002390BA /* libgemc.a */; };
		F46A86822ABEA97200FA3ABC /* args.h in Headers */ = {isa = PBXBuildFile; fileRef = F46A86802ABEA97200FA3ABC /* args.h */; };
		F46A86832ABEA97200FA3ABC /* args.c in Sources */ = {isa = PBXBuildFile; fileRef = F46A86812ABEA97200FA3ABC /* args.c */; };
		F46A86872ABFDBDF00FA3ABC /* match.c in Sources */ = {isa = PBXBuildFile; fileRef = F46A86862ABFDBDF00FA3ABC /* match.c */; };
		F46A868A2ABFEE1E00FA3ABC /* listing.c in Sources */ = {isa = PBXBuildFile; fileRef = F46A86892ABFEE1E00FA3ABC /* listing.c */; };
		F46A86902AC0997B00FA3ABC /* export.c in Sources */ = {isa = PBXBuildFile; fileRef = F46A868F2AC0997B00FA3ABC /* export.c */; };
		F46A86932AC0AAF900FA3ABC /* pam.c in Sources */ = {isa = PBXBuildFile; fileRef = F46A86922AC0AAF900FA3ABC /* pam.c */; };
		F46A86952AC373C100FA3ABC /* vq_colours.c in Sources */ = {isa = PBXBuildFile; fileRef = F46A86942AC373C100FA3ABC /* vq_colours.c */; };
		F49059342ACB6CC200F4F288 /* vsf_udpat.c in Sources */ = {isa = PBXBuildFile; fileRef = F49059332ACB6CC200F4F288 /* vsf_udpat.c */; };
		F49059362ACCDC1500F4F288 /* vqt_width.c in Sources */ = {isa = PBXBuildFile; fileRef = F49059352ACCDC1500F4F288 /* vqt_width.c */; };
		F49059382ACD180F00F4F288 /* vex_timv.c in Sources */ = {isa = PBXBuildFile; fileRef = F49059372ACD180F00F4F288 /* vex_timv.c */; };
		F490593A2ACD262C00F4F288 /* vst_unload_fonts.c in Sources */ = {isa = PBXBuildFile; fileRef = F49059392ACD262C00F4F288 /* vst_unload_fonts.c */; };
		F490593C2ACE66DD00F4F288 /* v_show_c.c in Sources */ = {isa = PBXBuildFile; fileRef = F490593B2ACE66DD00F4F288 /* v_show_c.c */; };
		F490593E2ACE6C9D00F4F288 /* v_hide_c.c in Sources */ = {isa = PBXBuildFile; fileRef = F490593D2ACE6C9D00F4F288 /* v_hide_c.c */; };
		F49059402ACFA93100F4F288 /* vq_mouse.c in Sources */ = {isa = PBXBuildFile; fileRef = F490593F2ACFA93100F4F288 /* vq_mouse.c */; };
		F49059422ACFADAC00F4F288 /* vex_butv.c in Sources */ = {isa = PBXBuildFile; fileRef = F49059412ACFADAC00F4F288 /* vex_butv.c */; };
		F49059442ACFB26200F4F288 /* vex_motv.c in Sources */ = {isa = PBXBuildFile; fileRef = F49059432ACFB26200F4F288 /* vex_motv.c */; };
		F49059462ACFB41A00F4F288 /* vex_curv.c in Sources */ = {isa = PBXBuildFile; fileRef = F49059452ACFB41A00F4F288 /* vex_curv.c */; };
		F49059482ACFB97600F4F288 /* vq_key_s.c in Sources */ = {isa = PBXBuildFile; fileRef = F49059472ACFB97600F4F288 /* vq_key_s.c */; };
		F49512BD2ADF8DDE00AF9877 /* rsrc_gaddr.c in Sources */ = {isa = PBXBuildFile; fileRef = F49512BC2ADF8DDE00AF9877 /* rsrc_gaddr.c */; };
		F49512BF2AE0C9CC00AF9877 /* rsrc_obfix.c in Sources */ = {isa = PBXBuildFile; fileRef = F49512BE2AE0C9CC00AF9877 /* rsrc_obfix.c */; };
		F49512C12AE0E29D00AF9877 /* rsrc_saddr.c in Sources */ = {isa = PBXBuildFile; fileRef = F49512C02AE0E29D00AF9877 /* rsrc_saddr.c */; };
		F49512C42AE22A7A00AF9877 /* shel_envrn.c in Sources */ = {isa = PBXBuildFile; fileRef = F49512C32AE22A7A00AF9877 /* shel_envrn.c */; };
		F4BAB29C2AD61DBE00DBAD9F /* appl_init.c in Sources */ = {isa = PBXBuildFile; fileRef = F4BAB29B2AD61DBE00DBAD9F /* appl_init.c */; };
		F4BAB2A42AD6446600DBAD9F /* main.c in Sources */ = {isa = PBXBuildFile; fileRef = F4BAB2A32AD6446600DBAD9F /* main.c */; };
		F4BAB2AD2AD645DD00DBAD9F /* libgemc.a in Frameworks */ = {isa = PBXBuildFile; fileRef = F4E340AA2AAAD3E1002390BA /* libgemc.a */; };
		F4BAB2B12AD64B8B00DBAD9F /* graf_handle.c in Sources */ = {isa = PBXBuildFile; fileRef = F4BAB2B02AD64B8B00DBAD9F /* graf_handle.c */; };
		F4BAB2B52AD76EC100DBAD9F /* rscfile.c in Sources */ = {isa = PBXBuildFile; fileRef = F46A86692ABE9C8E00FA3ABC /* rscfile.c */; };
		F4CBFCEE2AD771C20078C561 /* rsrc_load.c in Sources */ = {isa = PBXBuildFile; fileRef = F4CBFCED2AD771C20078C561 /* rsrc_load.c */; };
		F4CBFCF02AD773A30078C561 /* rsrc_free.c in Sources */ = {isa = PBXBuildFile; fileRef = F4CBFCEF2AD773A30078C561 /* rsrc_free.c */; };
		F4CBFCF32ADB9AF70078C561 /* map.h in Headers */ = {isa = PBXBuildFile; fileRef = F4CBFCF12ADB9AF70078C561 /* map.h */; };
		F4CBFCF42ADB9AF70078C561 /* map.c in Sources */ = {isa = PBXBuildFile; fileRef = F4CBFCF22ADB9AF70078C561 /* map.c */; };
		F4E340A02AAAD389002390BA /* main.c in Sources */ = {isa = PBXBuildFile; fileRef = F4E3409F2AAAD389002390BA /* main.c */; };
		F4E340B42AAAD6C3002390BA /* v_opnvwk.c in Sources */ = {isa = PBXBuildFile; fileRef = F4E340B22AAAD6C3002390BA /* v_opnvwk.c */; };
		F4E340B72AAAD6DE002390BA /* gemio.h in Headers */ = {isa = PBXBuildFile; fileRef = F4E340B52AAAD6DE002390BA /* gemio.h */; };
		F4E340B82AAAD6DE002390BA /* gemio.c in Sources */ = {isa = PBXBuildFile; fileRef = F4E340B62AAAD6DE002390BA /* gemio.c */; };
		F4E340BC2AAADE13002390BA /* vec.h in Headers */ = {isa = PBXBuildFile; fileRef = F4E340BA2AAADE13002390BA /* vec.h */; };
		F4E340BD2AAADE13002390BA /* vec.c in Sources */ = {isa = PBXBuildFile; fileRef = F4E340BB2AAADE13002390BA /* vec.c */; };
		F4E340C02AAADF4F002390BA /* libgemc.a in Frameworks */ = {isa = PBXBuildFile; fileRef = F4E340AA2AAAD3E1002390BA /* libgemc.a */; };
		F4E340C52AAAE05A002390BA /* gemmsg.h in Headers */ = {isa = PBXBuildFile; fileRef = F4E340C32AAAE05A002390BA /* gemmsg.h */; };
		F4E340C62AAAE05A002390BA /* gemmsg.c in Sources */ = {isa = PBXBuildFile; fileRef = F4E340C42AAAE05A002390BA /* gemmsg.c */; };
/* End PBXBuildFile section */

/* Begin PBXContainerItemProxy section */
		F45B8B252AE6C41800A306B9 /* PBXContainerItemProxy */ = {
			isa = PBXContainerItemProxy;
			containerPortal = F4E340942AAAD389002390BA /* Project object */;
			proxyType = 1;
			remoteGlobalIDString = F4E340A92AAAD3E1002390BA;
			remoteInfo = gemc;
		};
		F45B8B2B2AE7803A00A306B9 /* PBXContainerItemProxy */ = {
			isa = PBXContainerItemProxy;
			containerPortal = F4E340942AAAD389002390BA /* Project object */;
			proxyType = 1;
			remoteGlobalIDString = F45B8B1D2AE6C2CF00A306B9;
			remoteInfo = desktop;
		};
		F4680BFB2ADEF2F90020BB5B /* PBXContainerItemProxy */ = {
			isa = PBXContainerItemProxy;
			containerPortal = F4E340942AAAD389002390BA /* Project object */;
			proxyType = 1;
			remoteGlobalIDString = F4E340A92AAAD3E1002390BA;
			remoteInfo = gemc;
		};
		F4680C022AE1DC260020BB5B /* PBXContainerItemProxy */ = {
			isa = PBXContainerItemProxy;
			containerPortal = F4E340942AAAD389002390BA /* Project object */;
			proxyType = 1;
			remoteGlobalIDString = F4BAB2A02AD6446600DBAD9F;
			remoteInfo = aestest;
		};
		F4680C042AE1DC260020BB5B /* PBXContainerItemProxy */ = {
			isa = PBXContainerItemProxy;
			containerPortal = F4E340942AAAD389002390BA /* Project object */;
			proxyType = 1;
			remoteGlobalIDString = F4680BF22ADEEEB80020BB5B;
			remoteInfo = aspiral;
		};
		F4680C062AE1DC260020BB5B /* PBXContainerItemProxy */ = {
			isa = PBXContainerItemProxy;
			containerPortal = F4E340942AAAD389002390BA /* Project object */;
			proxyType = 1;
			remoteGlobalIDString = F4E340A92AAAD3E1002390BA;
			remoteInfo = gemc;
		};
		F4680C082AE1DC260020BB5B /* PBXContainerItemProxy */ = {
			isa = PBXContainerItemProxy;
			containerPortal = F4E340942AAAD389002390BA /* Project object */;
			proxyType = 1;
			remoteGlobalIDString = F46A86722ABEA73A00FA3ABC;
			remoteInfo = rscdump;
		};
		F4680C0A2AE1DC260020BB5B /* PBXContainerItemProxy */ = {
			isa = PBXContainerItemProxy;
			containerPortal = F4E340942AAAD389002390BA /* Project object */;
			proxyType = 1;
			remoteGlobalIDString = F4E3409B2AAAD389002390BA;
			remoteInfo = vditest;
		};
		F4680C0C2AE1DC260020BB5B /* PBXContainerItemProxy */ = {
			isa = PBXContainerItemProxy;
			containerPortal = F4E340942AAAD389002390BA /* Project object */;
			proxyType = 1;
			remoteGlobalIDString = F46A86542ABB89B100FA3ABC;
			remoteInfo = vr_trnfm;
		};
		F46A865C2ABB89C700FA3ABC /* PBXContainerItemProxy */ = {
			isa = PBXContainerItemProxy;
			containerPortal = F4E340942AAAD389002390BA /* Project object */;
			proxyType = 1;
			remoteGlobalIDString = F4E340A92AAAD3E1002390BA;
			remoteInfo = gemc;
		};
		F46A867A2ABEA74800FA3ABC /* PBXContainerItemProxy */ = {
			isa = PBXContainerItemProxy;
			containerPortal = F4E340942AAAD389002390BA /* Project object */;
			proxyType = 1;
			remoteGlobalIDString = F4E340A92AAAD3E1002390BA;
			remoteInfo = gemc;
		};
		F4BAB2A92AD645D500DBAD9F /* PBXContainerItemProxy */ = {
			isa = PBXContainerItemProxy;
			containerPortal = F4E340942AAAD389002390BA /* Project object */;
			proxyType = 1;
			remoteGlobalIDString = F4E340A92AAAD3E1002390BA;
			remoteInfo = gemc;
		};
		F4E340C12AAADF56002390BA /* PBXContainerItemProxy */ = {
			isa = PBXContainerItemProxy;
			containerPortal = F4E340942AAAD389002390BA /* Project object */;
			proxyType = 1;
			remoteGlobalIDString = F4E340A92AAAD3E1002390BA;
			remoteInfo = gemc;
		};
/* End PBXContainerItemProxy section */

/* Begin PBXCopyFilesBuildPhase section */
		F45B8B1C2AE6C2CF00A306B9 /* CopyFiles */ = {
			isa = PBXCopyFilesBuildPhase;
			buildActionMask = 2147483647;
			dstPath = /usr/share/man/man1/;
			dstSubfolderSpec = 0;
			files = (
			);
			runOnlyForDeploymentPostprocessing = 1;
		};
		F4680BF12ADEEEB80020BB5B /* CopyFiles */ = {
			isa = PBXCopyFilesBuildPhase;
			buildActionMask = 2147483647;
			dstPath = /usr/share/man/man1/;
			dstSubfolderSpec = 0;
			files = (
			);
			runOnlyForDeploymentPostprocessing = 1;
		};
		F46A86532ABB89B100FA3ABC /* CopyFiles */ = {
			isa = PBXCopyFilesBuildPhase;
			buildActionMask = 2147483647;
			dstPath = /usr/share/man/man1/;
			dstSubfolderSpec = 0;
			files = (
			);
			runOnlyForDeploymentPostprocessing = 1;
		};
		F46A86712ABEA73A00FA3ABC /* CopyFiles */ = {
			isa = PBXCopyFilesBuildPhase;
			buildActionMask = 2147483647;
			dstPath = /usr/share/man/man1/;
			dstSubfolderSpec = 0;
			files = (
			);
			runOnlyForDeploymentPostprocessing = 1;
		};
		F4BAB29F2AD6446600DBAD9F /* CopyFiles */ = {
			isa = PBXCopyFilesBuildPhase;
			buildActionMask = 2147483647;
			dstPath = /usr/share/man/man1/;
			dstSubfolderSpec = 0;
			files = (
			);
			runOnlyForDeploymentPostprocessing = 1;
		};
		F4E3409A2AAAD389002390BA /* CopyFiles */ = {
			isa = PBXCopyFilesBuildPhase;
			buildActionMask = 2147483647;
			dstPath = /usr/share/man/man1/;
			dstSubfolderSpec = 0;
			files = (
			);
			runOnlyForDeploymentPostprocessing = 1;
		};
/* End PBXCopyFilesBuildPhase section */

/* Begin PBXFileReference section */
		F4203F1B2AEAE40900BA0F24 /* wind_create.c */ = {isa = PBXFileReference; lastKnownFileType = sourcecode.c.c; path = wind_create.c; sourceTree = "<group>"; };
		F45B8B112AE3426000A306B9 /* shel_find.c */ = {isa = PBXFileReference; lastKnownFileType = sourcecode.c.c; path = shel_find.c; sourceTree = "<group>"; };
		F45B8B132AE393E000A306B9 /* shel_get.c */ = {isa = PBXFileReference; lastKnownFileType = sourcecode.c.c; path = shel_get.c; sourceTree = "<group>"; };
		F45B8B152AE4403000A306B9 /* shel_put.c */ = {isa = PBXFileReference; lastKnownFileType = sourcecode.c.c; path = shel_put.c; sourceTree = "<group>"; };
		F45B8B172AE6304800A306B9 /* shel_write.c */ = {isa = PBXFileReference; lastKnownFileType = sourcecode.c.c; path = shel_write.c; sourceTree = "<group>"; };
		F45B8B1E2AE6C2CF00A306B9 /* desktop */ = {isa = PBXFileReference; explicitFileType = "compiled.mach-o.executable"; includeInIndex = 0; path = desktop; sourceTree = BUILT_PRODUCTS_DIR; };
		F45B8B202AE6C2CF00A306B9 /* main.c */ = {isa = PBXFileReference; lastKnownFileType = sourcecode.c.c; path = main.c; sourceTree = "<group>"; };
		F45B8B292AE770D400A306B9 /* shel_read.c */ = {isa = PBXFileReference; lastKnownFileType = sourcecode.c.c; path = shel_read.c; sourceTree = "<group>"; };
		F45B8B2D2AE9B3A100A306B9 /* stringUtils.h */ = {isa = PBXFileReference; lastKnownFileType = sourcecode.c.h; path = stringUtils.h; sourceTree = "<group>"; };
		F45B8B2E2AE9B3A100A306B9 /* stringUtils.c */ = {isa = PBXFileReference; lastKnownFileType = sourcecode.c.c; path = stringUtils.c; sourceTree = "<group>"; };
		F4680BD82AB370150020BB5B /* vst_height.c */ = {isa = PBXFileReference; lastKnownFileType = sourcecode.c.c; path = vst_height.c; sourceTree = "<group>"; };
		F4680BDA2AB370E60020BB5B /* vst_point.c */ = {isa = PBXFileReference; lastKnownFileType = sourcecode.c.c; path = vst_point.c; sourceTree = "<group>"; };
		F4680BDC2AB3724B0020BB5B /* vst_rotation.c */ = {isa = PBXFileReference; lastKnownFileType = sourcecode.c.c; path = vst_rotation.c; sourceTree = "<group>"; };
		F4680BDE2AB376190020BB5B /* vst_font.c */ = {isa = PBXFileReference; lastKnownFileType = sourcecode.c.c; path = vst_font.c; sourceTree = "<group>"; };
		F4680BE02ABB68220020BB5B /* vr_trnfm.c */ = {isa = PBXFileReference; lastKnownFileType = sourcecode.c.c; path = vr_trnfm.c; sourceTree = "<group>"; };
		F4680BE22ACB268D0020BB5B /* vsc_form.c */ = {isa = PBXFileReference; lastKnownFileType = sourcecode.c.c; path = vsc_form.c; sourceTree = "<group>"; };
		F4680BE42ACC91D60020BB5B /* vsf_udsty.c */ = {isa = PBXFileReference; lastKnownFileType = sourcecode.c.c; path = vsf_udsty.c; sourceTree = "<group>"; };
		F4680BE62ACC9BED0020BB5B /* v_recfl.c */ = {isa = PBXFileReference; lastKnownFileType = sourcecode.c.c; path = v_recfl.c; sourceTree = "<group>"; };
		F4680BE82ACC9F550020BB5B /* vqin_mode.c */ = {isa = PBXFileReference; lastKnownFileType = sourcecode.c.c; path = vqin_mode.c; sourceTree = "<group>"; };
		F4680BEA2ACCB8FB0020BB5B /* vqt_extent.c */ = {isa = PBXFileReference; lastKnownFileType = sourcecode.c.c; path = vqt_extent.c; sourceTree = "<group>"; };
		F4680BEC2ACE05D50020BB5B /* vrt_cpyfm.c */ = {isa = PBXFileReference; lastKnownFileType = sourcecode.c.c; path = vrt_cpyfm.c; sourceTree = "<group>"; };
		F4680BF32ADEEEB80020BB5B /* aspiral */ = {isa = PBXFileReference; explicitFileType = "compiled.mach-o.executable"; includeInIndex = 0; path = aspiral; sourceTree = BUILT_PRODUCTS_DIR; };
		F4680BF52ADEEEB80020BB5B /* main.c */ = {isa = PBXFileReference; lastKnownFileType = sourcecode.c.c; path = main.c; sourceTree = "<group>"; };
		F4680C0E2AE8344E0020BB5B /* shell_conv.h */ = {isa = PBXFileReference; lastKnownFileType = sourcecode.c.h; path = shell_conv.h; sourceTree = "<group>"; };
		F4680C0F2AE8344E0020BB5B /* shell_conv.c */ = {isa = PBXFileReference; lastKnownFileType = sourcecode.c.c; path = shell_conv.c; sourceTree = "<group>"; };
		F46A85B32AAEA2AE00FA3ABC /* v_clrwk.c */ = {isa = PBXFileReference; lastKnownFileType = sourcecode.c.c; path = v_clrwk.c; sourceTree = "<group>"; };
		F46A85B52AAEA56200FA3ABC /* v_updwk.c */ = {isa = PBXFileReference; lastKnownFileType = sourcecode.c.c; path = v_updwk.c; sourceTree = "<group>"; };
		F46A85B82AAEA5A100FA3ABC /* vq_chcells.c */ = {isa = PBXFileReference; lastKnownFileType = sourcecode.c.c; path = vq_chcells.c; sourceTree = "<group>"; };
		F46A85BB2AAEB56700FA3ABC /* v_exit_cur.c */ = {isa = PBXFileReference; lastKnownFileType = sourcecode.c.c; path = v_exit_cur.c; sourceTree = "<group>"; };
		F46A85BD2AAEB6FE00FA3ABC /* v_enter_cur.c */ = {isa = PBXFileReference; lastKnownFileType = sourcecode.c.c; path = v_enter_cur.c; sourceTree = "<group>"; };
		F46A85C02AAEB87500FA3ABC /* v_curup.c */ = {isa = PBXFileReference; lastKnownFileType = sourcecode.c.c; path = v_curup.c; sourceTree = "<group>"; };
		F46A85C32AAEB99600FA3ABC /* v_curdown.c */ = {isa = PBXFileReference; lastKnownFileType = sourcecode.c.c; path = v_curdown.c; sourceTree = "<group>"; };
		F46A85C52AAEBB4100FA3ABC /* v_curright.c */ = {isa = PBXFileReference; lastKnownFileType = sourcecode.c.c; path = v_curright.c; sourceTree = "<group>"; };
		F46A85C72AAEBE7900FA3ABC /* v_curleft.c */ = {isa = PBXFileReference; lastKnownFileType = sourcecode.c.c; path = v_curleft.c; sourceTree = "<group>"; };
		F46A85C92AAEBEFD00FA3ABC /* v_curhome.c */ = {isa = PBXFileReference; lastKnownFileType = sourcecode.c.c; path = v_curhome.c; sourceTree = "<group>"; };
		F46A85CB2AAEBFD600FA3ABC /* v_eeos.c */ = {isa = PBXFileReference; lastKnownFileType = sourcecode.c.c; path = v_eeos.c; sourceTree = "<group>"; };
		F46A85CD2AAEC0B600FA3ABC /* v_eeol.c */ = {isa = PBXFileReference; lastKnownFileType = sourcecode.c.c; path = v_eeol.c; sourceTree = "<group>"; };
		F46A85CF2AAEC47900FA3ABC /* vs_curaddress.c */ = {isa = PBXFileReference; lastKnownFileType = sourcecode.c.c; path = vs_curaddress.c; sourceTree = "<group>"; };
		F46A85D12AAECACA00FA3ABC /* v_curtext.c */ = {isa = PBXFileReference; lastKnownFileType = sourcecode.c.c; path = v_curtext.c; sourceTree = "<group>"; };
		F46A85D32AAED0F400FA3ABC /* v_rvon.c */ = {isa = PBXFileReference; lastKnownFileType = sourcecode.c.c; path = v_rvon.c; sourceTree = "<group>"; };
		F46A85D52AAED14600FA3ABC /* v_rvoff.c */ = {isa = PBXFileReference; lastKnownFileType = sourcecode.c.c; path = v_rvoff.c; sourceTree = "<group>"; };
		F46A85D72AAED79F00FA3ABC /* vq_curaddress.c */ = {isa = PBXFileReference; lastKnownFileType = sourcecode.c.c; path = vq_curaddress.c; sourceTree = "<group>"; };
		F46A85D92AAF636F00FA3ABC /* vq_hardcopy.c */ = {isa = PBXFileReference; lastKnownFileType = sourcecode.c.c; path = vq_hardcopy.c; sourceTree = "<group>"; };
		F46A85DC2AAF640500FA3ABC /* vq_tabstatus.c */ = {isa = PBXFileReference; lastKnownFileType = sourcecode.c.c; path = vq_tabstatus.c; sourceTree = "<group>"; };
		F46A85E02AAF646100FA3ABC /* v_dspcur.c */ = {isa = PBXFileReference; lastKnownFileType = sourcecode.c.c; path = v_dspcur.c; sourceTree = "<group>"; };
		F46A85E32AAF66A200FA3ABC /* v_rmcur.c */ = {isa = PBXFileReference; lastKnownFileType = sourcecode.c.c; path = v_rmcur.c; sourceTree = "<group>"; };
		F46A85E52AAF676900FA3ABC /* v_form_adv.c */ = {isa = PBXFileReference; lastKnownFileType = sourcecode.c.c; path = v_form_adv.c; sourceTree = "<group>"; };
		F46A85E72AAF67EC00FA3ABC /* v_output_window.c */ = {isa = PBXFileReference; lastKnownFileType = sourcecode.c.c; path = v_output_window.c; sourceTree = "<group>"; };
		F46A85EA2AAF684D00FA3ABC /* v_clear_disp_list.c */ = {isa = PBXFileReference; lastKnownFileType = sourcecode.c.c; path = v_clear_disp_list.c; sourceTree = "<group>"; };
		F46A85ED2AAF693100FA3ABC /* v_bit_image.c */ = {isa = PBXFileReference; lastKnownFileType = sourcecode.c.c; path = v_bit_image.c; sourceTree = "<group>"; };
		F46A85EF2AAFB8F600FA3ABC /* vs_clip.c */ = {isa = PBXFileReference; lastKnownFileType = sourcecode.c.c; path = vs_clip.c; sourceTree = "<group>"; };
		F46A85F12AAFBD7500FA3ABC /* vsl_color.c */ = {isa = PBXFileReference; lastKnownFileType = sourcecode.c.c; path = vsl_color.c; sourceTree = "<group>"; };
		F46A85F32AAFD32400FA3ABC /* vsl_type.c */ = {isa = PBXFileReference; lastKnownFileType = sourcecode.c.c; path = vsl_type.c; sourceTree = "<group>"; };
		F46A85F52AAFD3C400FA3ABC /* vsl_width.c */ = {isa = PBXFileReference; lastKnownFileType = sourcecode.c.c; path = vsl_width.c; sourceTree = "<group>"; };
		F46A85F72AB0124200FA3ABC /* vsl_ends.c */ = {isa = PBXFileReference; lastKnownFileType = sourcecode.c.c; path = vsl_ends.c; sourceTree = "<group>"; };
		F46A85F92AB01E1F00FA3ABC /* v_pline.c */ = {isa = PBXFileReference; lastKnownFileType = sourcecode.c.c; path = v_pline.c; sourceTree = "<group>"; };
		F46A85FB2AB23D6900FA3ABC /* v_pmarker.c */ = {isa = PBXFileReference; lastKnownFileType = sourcecode.c.c; path = v_pmarker.c; sourceTree = "<group>"; };
		F46A85FD2AB24A2700FA3ABC /* vsm_type.c */ = {isa = PBXFileReference; lastKnownFileType = sourcecode.c.c; path = vsm_type.c; sourceTree = "<group>"; };
		F46A85FF2AB24C1300FA3ABC /* vsm_height.c */ = {isa = PBXFileReference; lastKnownFileType = sourcecode.c.c; path = vsm_height.c; sourceTree = "<group>"; };
		F46A86012AB24EF500FA3ABC /* vsm_color.c */ = {isa = PBXFileReference; lastKnownFileType = sourcecode.c.c; path = vsm_color.c; sourceTree = "<group>"; };
		F46A86032AB2930100FA3ABC /* vst_color.c */ = {isa = PBXFileReference; lastKnownFileType = sourcecode.c.c; path = vst_color.c; sourceTree = "<group>"; };
		F46A86052AB2964200FA3ABC /* vst_alignment.c */ = {isa = PBXFileReference; lastKnownFileType = sourcecode.c.c; path = vst_alignment.c; sourceTree = "<group>"; };
		F46A86072AB3A7BA00FA3ABC /* vst_effects.c */ = {isa = PBXFileReference; lastKnownFileType = sourcecode.c.c; path = vst_effects.c; sourceTree = "<group>"; };
		F46A86092AB3A91F00FA3ABC /* vst_load_fonts.c */ = {isa = PBXFileReference; lastKnownFileType = sourcecode.c.c; path = vst_load_fonts.c; sourceTree = "<group>"; };
		F46A860B2AB3B37A00FA3ABC /* vqt_name.c */ = {isa = PBXFileReference; lastKnownFileType = sourcecode.c.c; path = vqt_name.c; sourceTree = "<group>"; };
		F46A860D2AB3C38B00FA3ABC /* v_gtext.c */ = {isa = PBXFileReference; lastKnownFileType = sourcecode.c.c; path = v_gtext.c; sourceTree = "<group>"; };
		F46A860F2AB40D8900FA3ABC /* vsf_interior.c */ = {isa = PBXFileReference; lastKnownFileType = sourcecode.c.c; path = vsf_interior.c; sourceTree = "<group>"; };
		F46A86112AB40F5F00FA3ABC /* vsf_style.c */ = {isa = PBXFileReference; lastKnownFileType = sourcecode.c.c; path = vsf_style.c; sourceTree = "<group>"; };
		F46A86132AB4155F00FA3ABC /* vsf_color.c */ = {isa = PBXFileReference; lastKnownFileType = sourcecode.c.c; path = vsf_color.c; sourceTree = "<group>"; };
		F46A86152AB4F82C00FA3ABC /* vsf_perimeter.c */ = {isa = PBXFileReference; lastKnownFileType = sourcecode.c.c; path = vsf_perimeter.c; sourceTree = "<group>"; };
		F46A86172AB5491700FA3ABC /* v_fillarea.c */ = {isa = PBXFileReference; lastKnownFileType = sourcecode.c.c; path = v_fillarea.c; sourceTree = "<group>"; };
		F46A86192AB56C2000FA3ABC /* vswr_mode.c */ = {isa = PBXFileReference; lastKnownFileType = sourcecode.c.c; path = vswr_mode.c; sourceTree = "<group>"; };
		F46A861B2AB6234400FA3ABC /* v_bar.c */ = {isa = PBXFileReference; lastKnownFileType = sourcecode.c.c; path = v_bar.c; sourceTree = "<group>"; };
		F46A861D2AB62A4E00FA3ABC /* v_pie.c */ = {isa = PBXFileReference; lastKnownFileType = sourcecode.c.c; path = v_pie.c; sourceTree = "<group>"; };
		F46A861F2AB62EA500FA3ABC /* v_circle.c */ = {isa = PBXFileReference; lastKnownFileType = sourcecode.c.c; path = v_circle.c; sourceTree = "<group>"; };
		F46A86212AB6312300FA3ABC /* v_ellipse.c */ = {isa = PBXFileReference; lastKnownFileType = sourcecode.c.c; path = v_ellipse.c; sourceTree = "<group>"; };
		F46A86232AB632C800FA3ABC /* v_ellpie.c */ = {isa = PBXFileReference; lastKnownFileType = sourcecode.c.c; path = v_ellpie.c; sourceTree = "<group>"; };
		F46A86252AB634E800FA3ABC /* v_rfbox.c */ = {isa = PBXFileReference; lastKnownFileType = sourcecode.c.c; path = v_rfbox.c; sourceTree = "<group>"; };
		F46A86272AB648BD00FA3ABC /* v_arc.c */ = {isa = PBXFileReference; lastKnownFileType = sourcecode.c.c; path = v_arc.c; sourceTree = "<group>"; };
		F46A86292AB64E0800FA3ABC /* v_ellarc.c */ = {isa = PBXFileReference; lastKnownFileType = sourcecode.c.c; path = v_ellarc.c; sourceTree = "<group>"; };
		F46A862B2AB6624B00FA3ABC /* v_rbox.c */ = {isa = PBXFileReference; lastKnownFileType = sourcecode.c.c; path = v_rbox.c; sourceTree = "<group>"; };
		F46A862D2AB667B400FA3ABC /* v_justified.c */ = {isa = PBXFileReference; lastKnownFileType = sourcecode.c.c; path = v_justified.c; sourceTree = "<group>"; };
		F46A862F2AB66F1E00FA3ABC /* vs_color.c */ = {isa = PBXFileReference; lastKnownFileType = sourcecode.c.c; path = vs_color.c; sourceTree = "<group>"; };
		F46A86312AB67A4F00FA3ABC /* vq_color.c */ = {isa = PBXFileReference; lastKnownFileType = sourcecode.c.c; path = vq_color.c; sourceTree = "<group>"; };
		F46A86332AB77E0B00FA3ABC /* vsin_mode.c */ = {isa = PBXFileReference; lastKnownFileType = sourcecode.c.c; path = vsin_mode.c; sourceTree = "<group>"; };
		F46A86352AB785C900FA3ABC /* vrq_locator.c */ = {isa = PBXFileReference; lastKnownFileType = sourcecode.c.c; path = vrq_locator.c; sourceTree = "<group>"; };
		F46A86372AB7B3A100FA3ABC /* vsm_locator.c */ = {isa = PBXFileReference; lastKnownFileType = sourcecode.c.c; path = vsm_locator.c; sourceTree = "<group>"; };
		F46A86392AB7BAE000FA3ABC /* vrq_string.c */ = {isa = PBXFileReference; lastKnownFileType = sourcecode.c.c; path = vrq_string.c; sourceTree = "<group>"; };
		F46A863B2AB7D7A400FA3ABC /* vql_attributes.c */ = {isa = PBXFileReference; lastKnownFileType = sourcecode.c.c; path = vql_attributes.c; sourceTree = "<group>"; };
		F46A863D2AB7ECEB00FA3ABC /* vqm_attributes.c */ = {isa = PBXFileReference; lastKnownFileType = sourcecode.c.c; path = vqm_attributes.c; sourceTree = "<group>"; };
		F46A863F2AB7EEF300FA3ABC /* vqf_attributes.c */ = {isa = PBXFileReference; lastKnownFileType = sourcecode.c.c; path = vqf_attributes.c; sourceTree = "<group>"; };
		F46A86412AB7F16800FA3ABC /* vqt_attributes.c */ = {isa = PBXFileReference; lastKnownFileType = sourcecode.c.c; path = vqt_attributes.c; sourceTree = "<group>"; };
		F46A86432AB8004200FA3ABC /* v_clsvwk.c */ = {isa = PBXFileReference; lastKnownFileType = sourcecode.c.c; path = v_clsvwk.c; sourceTree = "<group>"; };
		F46A86452AB8EE0100FA3ABC /* vq_extnd.c */ = {isa = PBXFileReference; lastKnownFileType = sourcecode.c.c; path = vq_extnd.c; sourceTree = "<group>"; };
		F46A86472AB9102000FA3ABC /* v_contourfill.c */ = {isa = PBXFileReference; lastKnownFileType = sourcecode.c.c; path = v_contourfill.c; sourceTree = "<group>"; };
		F46A86492ABA66DA00FA3ABC /* v_get_pixel.c */ = {isa = PBXFileReference; lastKnownFileType = sourcecode.c.c; path = v_get_pixel.c; sourceTree = "<group>"; };
		F46A864B2ABA69AA00FA3ABC /* vs_pixrgb.c */ = {isa = PBXFileReference; lastKnownFileType = sourcecode.c.c; path = vs_pixrgb.c; sourceTree = "<group>"; };
		F46A864D2ABA6A2F00FA3ABC /* vq_pixrgb.c */ = {isa = PBXFileReference; lastKnownFileType = sourcecode.c.c; path = vq_pixrgb.c; sourceTree = "<group>"; };
		F46A864F2ABAAAA600FA3ABC /* vro_cpyfm.c */ = {isa = PBXFileReference; lastKnownFileType = sourcecode.c.c; path = vro_cpyfm.c; sourceTree = "<group>"; };
		F46A86552ABB89B100FA3ABC /* vr_trnfm */ = {isa = PBXFileReference; explicitFileType = "compiled.mach-o.executable"; includeInIndex = 0; path = vr_trnfm; sourceTree = BUILT_PRODUCTS_DIR; };
		F46A86572ABB89B100FA3ABC /* main.c */ = {isa = PBXFileReference; lastKnownFileType = sourcecode.c.c; path = main.c; sourceTree = "<group>"; };
		F46A86682ABE9C8E00FA3ABC /* rscfile.h */ = {isa = PBXFileReference; lastKnownFileType = sourcecode.c.h; path = rscfile.h; sourceTree = "<group>"; };
		F46A86692ABE9C8E00FA3ABC /* rscfile.c */ = {isa = PBXFileReference; lastKnownFileType = sourcecode.c.c; path = rscfile.c; sourceTree = "<group>"; };
		F46A86732ABEA73A00FA3ABC /* rscdump */ = {isa = PBXFileReference; explicitFileType = "compiled.mach-o.executable"; includeInIndex = 0; path = rscdump; sourceTree = BUILT_PRODUCTS_DIR; };
		F46A86752ABEA73A00FA3ABC /* main.c */ = {isa = PBXFileReference; lastKnownFileType = sourcecode.c.c; path = main.c; sourceTree = "<group>"; };
		F46A86802ABEA97200FA3ABC /* args.h */ = {isa = PBXFileReference; fileEncoding = 4; lastKnownFileType = sourcecode.c.h; path = args.h; sourceTree = "<group>"; };
		F46A86812ABEA97200FA3ABC /* args.c */ = {isa = PBXFileReference; fileEncoding = 4; lastKnownFileType = sourcecode.c.c; path = args.c; sourceTree = "<group>"; };
		F46A86852ABFDBDF00FA3ABC /* match.h */ = {isa = PBXFileReference; lastKnownFileType = sourcecode.c.h; path = match.h; sourceTree = "<group>"; };
		F46A86862ABFDBDF00FA3ABC /* match.c */ = {isa = PBXFileReference; lastKnownFileType = sourcecode.c.c; path = match.c; sourceTree = "<group>"; };
		F46A86882ABFEE1E00FA3ABC /* listing.h */ = {isa = PBXFileReference; lastKnownFileType = sourcecode.c.h; path = listing.h; sourceTree = "<group>"; };
		F46A86892ABFEE1E00FA3ABC /* listing.c */ = {isa = PBXFileReference; lastKnownFileType = sourcecode.c.c; path = listing.c; sourceTree = "<group>"; };
		F46A868E2AC0997B00FA3ABC /* export.h */ = {isa = PBXFileReference; lastKnownFileType = sourcecode.c.h; path = export.h; sourceTree = "<group>"; };
		F46A868F2AC0997B00FA3ABC /* export.c */ = {isa = PBXFileReference; lastKnownFileType = sourcecode.c.c; path = export.c; sourceTree = "<group>"; };
		F46A86912AC0AAF900FA3ABC /* pam.h */ = {isa = PBXFileReference; lastKnownFileType = sourcecode.c.h; path = pam.h; sourceTree = "<group>"; };
		F46A86922AC0AAF900FA3ABC /* pam.c */ = {isa = PBXFileReference; lastKnownFileType = sourcecode.c.c; path = pam.c; sourceTree = "<group>"; };
		F46A86942AC373C100FA3ABC /* vq_colours.c */ = {isa = PBXFileReference; lastKnownFileType = sourcecode.c.c; path = vq_colours.c; sourceTree = "<group>"; };
		F46A86962AC3A04900FA3ABC /* palette.h */ = {isa = PBXFileReference; fileEncoding = 4; lastKnownFileType = sourcecode.c.h; path = palette.h; sourceTree = "<group>"; };
		F49059332ACB6CC200F4F288 /* vsf_udpat.c */ = {isa = PBXFileReference; lastKnownFileType = sourcecode.c.c; path = vsf_udpat.c; sourceTree = "<group>"; };
		F49059352ACCDC1500F4F288 /* vqt_width.c */ = {isa = PBXFileReference; lastKnownFileType = sourcecode.c.c; path = vqt_width.c; sourceTree = "<group>"; };
		F49059372ACD180F00F4F288 /* vex_timv.c */ = {isa = PBXFileReference; lastKnownFileType = sourcecode.c.c; path = vex_timv.c; sourceTree = "<group>"; };
		F49059392ACD262C00F4F288 /* vst_unload_fonts.c */ = {isa = PBXFileReference; lastKnownFileType = sourcecode.c.c; path = vst_unload_fonts.c; sourceTree = "<group>"; };
		F490593B2ACE66DD00F4F288 /* v_show_c.c */ = {isa = PBXFileReference; lastKnownFileType = sourcecode.c.c; path = v_show_c.c; sourceTree = "<group>"; };
		F490593D2ACE6C9D00F4F288 /* v_hide_c.c */ = {isa = PBXFileReference; lastKnownFileType = sourcecode.c.c; path = v_hide_c.c; sourceTree = "<group>"; };
		F490593F2ACFA93100F4F288 /* vq_mouse.c */ = {isa = PBXFileReference; lastKnownFileType = sourcecode.c.c; path = vq_mouse.c; sourceTree = "<group>"; };
		F49059412ACFADAC00F4F288 /* vex_butv.c */ = {isa = PBXFileReference; lastKnownFileType = sourcecode.c.c; path = vex_butv.c; sourceTree = "<group>"; };
		F49059432ACFB26200F4F288 /* vex_motv.c */ = {isa = PBXFileReference; lastKnownFileType = sourcecode.c.c; path = vex_motv.c; sourceTree = "<group>"; };
		F49059452ACFB41A00F4F288 /* vex_curv.c */ = {isa = PBXFileReference; lastKnownFileType = sourcecode.c.c; path = vex_curv.c; sourceTree = "<group>"; };
		F49059472ACFB97600F4F288 /* vq_key_s.c */ = {isa = PBXFileReference; lastKnownFileType = sourcecode.c.c; path = vq_key_s.c; sourceTree = "<group>"; };
		F49512BC2ADF8DDE00AF9877 /* rsrc_gaddr.c */ = {isa = PBXFileReference; lastKnownFileType = sourcecode.c.c; path = rsrc_gaddr.c; sourceTree = "<group>"; };
		F49512BE2AE0C9CC00AF9877 /* rsrc_obfix.c */ = {isa = PBXFileReference; lastKnownFileType = sourcecode.c.c; path = rsrc_obfix.c; sourceTree = "<group>"; };
		F49512C02AE0E29D00AF9877 /* rsrc_saddr.c */ = {isa = PBXFileReference; lastKnownFileType = sourcecode.c.c; path = rsrc_saddr.c; sourceTree = "<group>"; };
		F49512C32AE22A7A00AF9877 /* shel_envrn.c */ = {isa = PBXFileReference; lastKnownFileType = sourcecode.c.c; path = shel_envrn.c; sourceTree = "<group>"; };
		F4BAB29B2AD61DBE00DBAD9F /* appl_init.c */ = {isa = PBXFileReference; lastKnownFileType = sourcecode.c.c; path = appl_init.c; sourceTree = "<group>"; };
		F4BAB2A12AD6446600DBAD9F /* aestest */ = {isa = PBXFileReference; explicitFileType = "compiled.mach-o.executable"; includeInIndex = 0; path = aestest; sourceTree = BUILT_PRODUCTS_DIR; };
		F4BAB2A32AD6446600DBAD9F /* main.c */ = {isa = PBXFileReference; lastKnownFileType = sourcecode.c.c; path = main.c; sourceTree = "<group>"; };
		F4BAB2A82AD6451400DBAD9F /* aes.h */ = {isa = PBXFileReference; lastKnownFileType = sourcecode.c.h; path = aes.h; sourceTree = "<group>"; };
		F4BAB2B02AD64B8B00DBAD9F /* graf_handle.c */ = {isa = PBXFileReference; lastKnownFileType = sourcecode.c.c; path = graf_handle.c; sourceTree = "<group>"; };
		F4CBFCED2AD771C20078C561 /* rsrc_load.c */ = {isa = PBXFileReference; lastKnownFileType = sourcecode.c.c; path = rsrc_load.c; sourceTree = "<group>"; };
		F4CBFCEF2AD773A30078C561 /* rsrc_free.c */ = {isa = PBXFileReference; lastKnownFileType = sourcecode.c.c; path = rsrc_free.c; sourceTree = "<group>"; };
		F4CBFCF12ADB9AF70078C561 /* map.h */ = {isa = PBXFileReference; lastKnownFileType = sourcecode.c.h; path = map.h; sourceTree = "<group>"; };
		F4CBFCF22ADB9AF70078C561 /* map.c */ = {isa = PBXFileReference; lastKnownFileType = sourcecode.c.c; path = map.c; sourceTree = "<group>"; };
		F4E3409C2AAAD389002390BA /* vditest */ = {isa = PBXFileReference; explicitFileType = "compiled.mach-o.executable"; includeInIndex = 0; path = vditest; sourceTree = BUILT_PRODUCTS_DIR; };
		F4E3409F2AAAD389002390BA /* main.c */ = {isa = PBXFileReference; lastKnownFileType = sourcecode.c.c; path = main.c; sourceTree = "<group>"; };
		F4E340AA2AAAD3E1002390BA /* libgemc.a */ = {isa = PBXFileReference; explicitFileType = archive.ar; includeInIndex = 0; path = libgemc.a; sourceTree = BUILT_PRODUCTS_DIR; };
		F4E340B22AAAD6C3002390BA /* v_opnvwk.c */ = {isa = PBXFileReference; fileEncoding = 4; lastKnownFileType = sourcecode.c.c; path = v_opnvwk.c; sourceTree = "<group>"; };
		F4E340B52AAAD6DE002390BA /* gemio.h */ = {isa = PBXFileReference; lastKnownFileType = sourcecode.c.h; path = gemio.h; sourceTree = "<group>"; };
		F4E340B62AAAD6DE002390BA /* gemio.c */ = {isa = PBXFileReference; lastKnownFileType = sourcecode.c.c; path = gemio.c; sourceTree = "<group>"; };
		F4E340BA2AAADE13002390BA /* vec.h */ = {isa = PBXFileReference; fileEncoding = 4; lastKnownFileType = sourcecode.c.h; path = vec.h; sourceTree = "<group>"; };
		F4E340BB2AAADE13002390BA /* vec.c */ = {isa = PBXFileReference; fileEncoding = 4; lastKnownFileType = sourcecode.c.c; path = vec.c; sourceTree = "<group>"; };
		F4E340BE2AAADEDB002390BA /* vdi.h */ = {isa = PBXFileReference; lastKnownFileType = sourcecode.c.h; path = vdi.h; sourceTree = "<group>"; };
		F4E340C32AAAE05A002390BA /* gemmsg.h */ = {isa = PBXFileReference; lastKnownFileType = sourcecode.c.h; path = gemmsg.h; sourceTree = "<group>"; };
		F4E340C42AAAE05A002390BA /* gemmsg.c */ = {isa = PBXFileReference; lastKnownFileType = sourcecode.c.c; path = gemmsg.c; sourceTree = "<group>"; };
/* End PBXFileReference section */

/* Begin PBXFrameworksBuildPhase section */
		F45B8B1B2AE6C2CF00A306B9 /* Frameworks */ = {
			isa = PBXFrameworksBuildPhase;
			buildActionMask = 2147483647;
			files = (
				F45B8B272AE6C41D00A306B9 /* libgemc.a in Frameworks */,
			);
			runOnlyForDeploymentPostprocessing = 0;
		};
		F4680BF02ADEEEB80020BB5B /* Frameworks */ = {
			isa = PBXFrameworksBuildPhase;
			buildActionMask = 2147483647;
			files = (
				F4680BFD2ADEF3030020BB5B /* libgemc.a in Frameworks */,
			);
			runOnlyForDeploymentPostprocessing = 0;
		};
		F46A86522ABB89B100FA3ABC /* Frameworks */ = {
			isa = PBXFrameworksBuildPhase;
			buildActionMask = 2147483647;
			files = (
				F46A865E2ABB89CC00FA3ABC /* libgemc.a in Frameworks */,
			);
			runOnlyForDeploymentPostprocessing = 0;
		};
		F46A86702ABEA73A00FA3ABC /* Frameworks */ = {
			isa = PBXFrameworksBuildPhase;
			buildActionMask = 2147483647;
			files = (
				F46A867E2ABEA75000FA3ABC /* libgemc.a in Frameworks */,
			);
			runOnlyForDeploymentPostprocessing = 0;
		};
		F4BAB29E2AD6446600DBAD9F /* Frameworks */ = {
			isa = PBXFrameworksBuildPhase;
			buildActionMask = 2147483647;
			files = (
				F4BAB2AD2AD645DD00DBAD9F /* libgemc.a in Frameworks */,
			);
			runOnlyForDeploymentPostprocessing = 0;
		};
		F4E340992AAAD389002390BA /* Frameworks */ = {
			isa = PBXFrameworksBuildPhase;
			buildActionMask = 2147483647;
			files = (
				F4E340C02AAADF4F002390BA /* libgemc.a in Frameworks */,
			);
			runOnlyForDeploymentPostprocessing = 0;
		};
		F4E340A82AAAD3E1002390BA /* Frameworks */ = {
			isa = PBXFrameworksBuildPhase;
			buildActionMask = 2147483647;
			files = (
			);
			runOnlyForDeploymentPostprocessing = 0;
		};
/* End PBXFrameworksBuildPhase section */

/* Begin PBXGroup section */
		F4203F1A2AEAE3B500BA0F24 /* wind */ = {
			isa = PBXGroup;
			children = (
				F4203F1B2AEAE40900BA0F24 /* wind_create.c */,
			);
			path = wind;
			sourceTree = "<group>";
		};
		F45B8B192AE6C29E00A306B9 /* apps */ = {
			isa = PBXGroup;
			children = (
				F45B8B1F2AE6C2CF00A306B9 /* desktop */,
			);
			path = apps;
			sourceTree = "<group>";
		};
		F45B8B1F2AE6C2CF00A306B9 /* desktop */ = {
			isa = PBXGroup;
			children = (
				F45B8B202AE6C2CF00A306B9 /* main.c */,
			);
			path = desktop;
			sourceTree = "<group>";
		};
		F4680BEE2ADEEE7F0020BB5B /* demo */ = {
			isa = PBXGroup;
			children = (
				F4680BF42ADEEEB80020BB5B /* aspiral */,
			);
			path = demo;
			sourceTree = "<group>";
		};
		F4680BF42ADEEEB80020BB5B /* aspiral */ = {
			isa = PBXGroup;
			children = (
				F4680BF52ADEEEB80020BB5B /* main.c */,
			);
			path = aspiral;
			sourceTree = "<group>";
		};
		F4680BFA2ADEEEC70020BB5B /* test */ = {
			isa = PBXGroup;
			children = (
				F46A86742ABEA73A00FA3ABC /* rscdump */,
				F46A86562ABB89B100FA3ABC /* vr_trnfm */,
				F4BAB2A22AD6446600DBAD9F /* aestest */,
				F4E3409E2AAAD389002390BA /* vditest */,
			);
			path = test;
			sourceTree = "<group>";
		};
		F46A86562ABB89B100FA3ABC /* vr_trnfm */ = {
			isa = PBXGroup;
			children = (
				F46A86572ABB89B100FA3ABC /* main.c */,
			);
			path = vr_trnfm;
			sourceTree = "<group>";
		};
		F46A86742ABEA73A00FA3ABC /* rscdump */ = {
			isa = PBXGroup;
			children = (
				F46A86962AC3A04900FA3ABC /* palette.h */,
				F46A86752ABEA73A00FA3ABC /* main.c */,
				F46A86852ABFDBDF00FA3ABC /* match.h */,
				F46A86862ABFDBDF00FA3ABC /* match.c */,
				F46A86882ABFEE1E00FA3ABC /* listing.h */,
				F46A86892ABFEE1E00FA3ABC /* listing.c */,
				F46A868E2AC0997B00FA3ABC /* export.h */,
				F46A868F2AC0997B00FA3ABC /* export.c */,
				F46A86912AC0AAF900FA3ABC /* pam.h */,
				F46A86922AC0AAF900FA3ABC /* pam.c */,
			);
			path = rscdump;
			sourceTree = "<group>";
		};
		F49512C22AE229D200AF9877 /* shell */ = {
			isa = PBXGroup;
			children = (
				F4680C0F2AE8344E0020BB5B /* shell_conv.c */,
				F49512C32AE22A7A00AF9877 /* shel_envrn.c */,
				F45B8B112AE3426000A306B9 /* shel_find.c */,
				F45B8B132AE393E000A306B9 /* shel_get.c */,
				F45B8B152AE4403000A306B9 /* shel_put.c */,
				F45B8B172AE6304800A306B9 /* shel_write.c */,
				F45B8B292AE770D400A306B9 /* shel_read.c */,
			);
			path = shell;
			sourceTree = "<group>";
		};
		F4BAB29A2AD61D8900DBAD9F /* aes */ = {
			isa = PBXGroup;
			children = (
				F4203F1A2AEAE3B500BA0F24 /* wind */,
				F4BAB2A82AD6451400DBAD9F /* aes.h */,
				F4680C0E2AE8344E0020BB5B /* shell_conv.h */,
				F4BAB2B22AD76D7500DBAD9F /* appl */,
				F4BAB2B32AD76D9400DBAD9F /* graf */,
				F49512C22AE229D200AF9877 /* shell */,
				F4BAB2B42AD76DA500DBAD9F /* rsrc */,
			);
			path = aes;
			sourceTree = "<group>";
		};
		F4BAB2A22AD6446600DBAD9F /* aestest */ = {
			isa = PBXGroup;
			children = (
				F4BAB2A32AD6446600DBAD9F /* main.c */,
			);
			path = aestest;
			sourceTree = "<group>";
		};
		F4BAB2B22AD76D7500DBAD9F /* appl */ = {
			isa = PBXGroup;
			children = (
				F4BAB29B2AD61DBE00DBAD9F /* appl_init.c */,
			);
			path = appl;
			sourceTree = "<group>";
		};
		F4BAB2B32AD76D9400DBAD9F /* graf */ = {
			isa = PBXGroup;
			children = (
				F4BAB2B02AD64B8B00DBAD9F /* graf_handle.c */,
			);
			path = graf;
			sourceTree = "<group>";
		};
		F4BAB2B42AD76DA500DBAD9F /* rsrc */ = {
			isa = PBXGroup;
			children = (
				F46A86682ABE9C8E00FA3ABC /* rscfile.h */,
				F46A86692ABE9C8E00FA3ABC /* rscfile.c */,
				F4CBFCEF2AD773A30078C561 /* rsrc_free.c */,
				F49512BC2ADF8DDE00AF9877 /* rsrc_gaddr.c */,
				F4CBFCED2AD771C20078C561 /* rsrc_load.c */,
				F49512BE2AE0C9CC00AF9877 /* rsrc_obfix.c */,
				F49512C02AE0E29D00AF9877 /* rsrc_saddr.c */,
			);
			path = rsrc;
			sourceTree = "<group>";
		};
		F4E340932AAAD389002390BA = {
			isa = PBXGroup;
			children = (
				F45B8B192AE6C29E00A306B9 /* apps */,
				F4680BFA2ADEEEC70020BB5B /* test */,
				F4680BEE2ADEEE7F0020BB5B /* demo */,
				F4E340AE2AAAD43B002390BA /* gemc */,
				F4E3409D2AAAD389002390BA /* Products */,
				F4E340BF2AAADF4F002390BA /* Frameworks */,
			);
			sourceTree = "<group>";
		};
		F4E3409D2AAAD389002390BA /* Products */ = {
			isa = PBXGroup;
			children = (
				F4E3409C2AAAD389002390BA /* vditest */,
				F4E340AA2AAAD3E1002390BA /* libgemc.a */,
				F46A86552ABB89B100FA3ABC /* vr_trnfm */,
				F46A86732ABEA73A00FA3ABC /* rscdump */,
				F4BAB2A12AD6446600DBAD9F /* aestest */,
				F4680BF32ADEEEB80020BB5B /* aspiral */,
				F45B8B1E2AE6C2CF00A306B9 /* desktop */,
			);
			name = Products;
			sourceTree = "<group>";
		};
		F4E3409E2AAAD389002390BA /* vditest */ = {
			isa = PBXGroup;
			children = (
				F4E3409F2AAAD389002390BA /* main.c */,
			);
			path = vditest;
			sourceTree = "<group>";
		};
		F4E340AE2AAAD43B002390BA /* gemc */ = {
			isa = PBXGroup;
			children = (
				F4BAB29A2AD61D8900DBAD9F /* aes */,
				F4E340B92AAADE13002390BA /* util */,
				F4E340B32AAAD6C3002390BA /* internal */,
				F4E340B12AAAD6C3002390BA /* vdi */,
			);
			path = gemc;
			sourceTree = "<group>";
		};
		F4E340B12AAAD6C3002390BA /* vdi */ = {
			isa = PBXGroup;
			children = (
				F4E340BE2AAADEDB002390BA /* vdi.h */,
				F46A86272AB648BD00FA3ABC /* v_arc.c */,
				F46A861B2AB6234400FA3ABC /* v_bar.c */,
				F46A85ED2AAF693100FA3ABC /* v_bit_image.c */,
				F46A861F2AB62EA500FA3ABC /* v_circle.c */,
				F46A85EA2AAF684D00FA3ABC /* v_clear_disp_list.c */,
				F46A85B32AAEA2AE00FA3ABC /* v_clrwk.c */,
				F46A86432AB8004200FA3ABC /* v_clsvwk.c */,
				F46A86472AB9102000FA3ABC /* v_contourfill.c */,
				F46A85C32AAEB99600FA3ABC /* v_curdown.c */,
				F46A85C92AAEBEFD00FA3ABC /* v_curhome.c */,
				F46A85C72AAEBE7900FA3ABC /* v_curleft.c */,
				F46A85C52AAEBB4100FA3ABC /* v_curright.c */,
				F46A85D12AAECACA00FA3ABC /* v_curtext.c */,
				F46A85C02AAEB87500FA3ABC /* v_curup.c */,
				F46A85E02AAF646100FA3ABC /* v_dspcur.c */,
				F46A85CD2AAEC0B600FA3ABC /* v_eeol.c */,
				F46A85CB2AAEBFD600FA3ABC /* v_eeos.c */,
				F46A86292AB64E0800FA3ABC /* v_ellarc.c */,
				F46A86212AB6312300FA3ABC /* v_ellipse.c */,
				F46A86232AB632C800FA3ABC /* v_ellpie.c */,
				F46A85BD2AAEB6FE00FA3ABC /* v_enter_cur.c */,
				F46A86172AB5491700FA3ABC /* v_fillarea.c */,
				F46A85E52AAF676900FA3ABC /* v_form_adv.c */,
				F46A86492ABA66DA00FA3ABC /* v_get_pixel.c */,
				F46A860D2AB3C38B00FA3ABC /* v_gtext.c */,
				F490593D2ACE6C9D00F4F288 /* v_hide_c.c */,
				F46A862D2AB667B400FA3ABC /* v_justified.c */,
				F4E340B22AAAD6C3002390BA /* v_opnvwk.c */,
				F46A85E72AAF67EC00FA3ABC /* v_output_window.c */,
				F46A861D2AB62A4E00FA3ABC /* v_pie.c */,
				F46A85F92AB01E1F00FA3ABC /* v_pline.c */,
				F46A85FB2AB23D6900FA3ABC /* v_pmarker.c */,
				F4680BE62ACC9BED0020BB5B /* v_recfl.c */,
				F46A862B2AB6624B00FA3ABC /* v_rbox.c */,
				F46A86252AB634E800FA3ABC /* v_rfbox.c */,
				F46A85E32AAF66A200FA3ABC /* v_rmcur.c */,
				F46A85D52AAED14600FA3ABC /* v_rvoff.c */,
				F46A85D32AAED0F400FA3ABC /* v_rvon.c */,
				F490593B2ACE66DD00F4F288 /* v_show_c.c */,
				F46A85B52AAEA56200FA3ABC /* v_updwk.c */,
				F49059412ACFADAC00F4F288 /* vex_butv.c */,
				F49059452ACFB41A00F4F288 /* vex_curv.c */,
				F49059372ACD180F00F4F288 /* vex_timv.c */,
				F49059432ACFB26200F4F288 /* vex_motv.c */,
				F46A86352AB785C900FA3ABC /* vrq_locator.c */,
				F46A86392AB7BAE000FA3ABC /* vrq_string.c */,
				F46A85B82AAEA5A100FA3ABC /* vq_chcells.c */,
				F46A86312AB67A4F00FA3ABC /* vq_color.c */,
				F46A86942AC373C100FA3ABC /* vq_colours.c */,
				F46A85D72AAED79F00FA3ABC /* vq_curaddress.c */,
				F46A85BB2AAEB56700FA3ABC /* v_exit_cur.c */,
				F46A86452AB8EE0100FA3ABC /* vq_extnd.c */,
				F46A85D92AAF636F00FA3ABC /* vq_hardcopy.c */,
				F490593F2ACFA93100F4F288 /* vq_mouse.c */,
				F46A864D2ABA6A2F00FA3ABC /* vq_pixrgb.c */,
				F46A85DC2AAF640500FA3ABC /* vq_tabstatus.c */,
				F46A863F2AB7EEF300FA3ABC /* vqf_attributes.c */,
				F4680BE82ACC9F550020BB5B /* vqin_mode.c */,
				F46A863B2AB7D7A400FA3ABC /* vql_attributes.c */,
				F46A863D2AB7ECEB00FA3ABC /* vqm_attributes.c */,
				F46A86412AB7F16800FA3ABC /* vqt_attributes.c */,
				F4680BEA2ACCB8FB0020BB5B /* vqt_extent.c */,
				F46A860B2AB3B37A00FA3ABC /* vqt_name.c */,
				F49059352ACCDC1500F4F288 /* vqt_width.c */,
				F4680BE02ABB68220020BB5B /* vr_trnfm.c */,
				F46A864F2ABAAAA600FA3ABC /* vro_cpyfm.c */,
				F46A85EF2AAFB8F600FA3ABC /* vs_clip.c */,
				F46A862F2AB66F1E00FA3ABC /* vs_color.c */,
				F46A85CF2AAEC47900FA3ABC /* vs_curaddress.c */,
				F46A864B2ABA69AA00FA3ABC /* vs_pixrgb.c */,
				F46A86132AB4155F00FA3ABC /* vsf_color.c */,
				F46A860F2AB40D8900FA3ABC /* vsf_interior.c */,
				F46A86152AB4F82C00FA3ABC /* vsf_perimeter.c */,
				F46A86112AB40F5F00FA3ABC /* vsf_style.c */,
				F49059332ACB6CC200F4F288 /* vsf_udpat.c */,
				F4680BE42ACC91D60020BB5B /* vsf_udsty.c */,
				F46A86332AB77E0B00FA3ABC /* vsin_mode.c */,
				F4680BE22ACB268D0020BB5B /* vsc_form.c */,
				F46A85F12AAFBD7500FA3ABC /* vsl_color.c */,
				F46A85F72AB0124200FA3ABC /* vsl_ends.c */,
				F46A85F32AAFD32400FA3ABC /* vsl_type.c */,
				F46A85F52AAFD3C400FA3ABC /* vsl_width.c */,
				F46A86012AB24EF500FA3ABC /* vsm_color.c */,
				F46A85FF2AB24C1300FA3ABC /* vsm_height.c */,
				F46A86372AB7B3A100FA3ABC /* vsm_locator.c */,
				F46A86052AB2964200FA3ABC /* vst_alignment.c */,
				F46A86032AB2930100FA3ABC /* vst_color.c */,
				F46A86072AB3A7BA00FA3ABC /* vst_effects.c */,
				F4680BDE2AB376190020BB5B /* vst_font.c */,
				F4680BD82AB370150020BB5B /* vst_height.c */,
				F46A86092AB3A91F00FA3ABC /* vst_load_fonts.c */,
				F4680BDA2AB370E60020BB5B /* vst_point.c */,
				F4680BDC2AB3724B0020BB5B /* vst_rotation.c */,
				F49059392ACD262C00F4F288 /* vst_unload_fonts.c */,
				F4680BEC2ACE05D50020BB5B /* vrt_cpyfm.c */,
				F46A85FD2AB24A2700FA3ABC /* vsm_type.c */,
				F46A86192AB56C2000FA3ABC /* vswr_mode.c */,
				F49059472ACFB97600F4F288 /* vq_key_s.c */,
			);
			path = vdi;
			sourceTree = "<group>";
		};
		F4E340B32AAAD6C3002390BA /* internal */ = {
			isa = PBXGroup;
			children = (
				F4E340B52AAAD6DE002390BA /* gemio.h */,
				F4E340B62AAAD6DE002390BA /* gemio.c */,
				F4E340C32AAAE05A002390BA /* gemmsg.h */,
				F4E340C42AAAE05A002390BA /* gemmsg.c */,
			);
			path = internal;
			sourceTree = "<group>";
		};
		F4E340B92AAADE13002390BA /* util */ = {
			isa = PBXGroup;
			children = (
				F46A86812ABEA97200FA3ABC /* args.c */,
				F46A86802ABEA97200FA3ABC /* args.h */,
				F4E340BA2AAADE13002390BA /* vec.h */,
				F4E340BB2AAADE13002390BA /* vec.c */,
				F4CBFCF12ADB9AF70078C561 /* map.h */,
				F4CBFCF22ADB9AF70078C561 /* map.c */,
				F45B8B2D2AE9B3A100A306B9 /* stringUtils.h */,
				F45B8B2E2AE9B3A100A306B9 /* stringUtils.c */,
			);
			path = util;
			sourceTree = SOURCE_ROOT;
		};
		F4E340BF2AAADF4F002390BA /* Frameworks */ = {
			isa = PBXGroup;
			children = (
			);
			name = Frameworks;
			sourceTree = "<group>";
		};
/* End PBXGroup section */

/* Begin PBXHeadersBuildPhase section */
		F4E340A62AAAD3E1002390BA /* Headers */ = {
			isa = PBXHeadersBuildPhase;
			buildActionMask = 2147483647;
			files = (
				F4680C102AE8344E0020BB5B /* shell_conv.h in Headers */,
				F4E340C52AAAE05A002390BA /* gemmsg.h in Headers */,
				F46A86822ABEA97200FA3ABC /* args.h in Headers */,
				F4CBFCF32ADB9AF70078C561 /* map.h in Headers */,
				F4E340B72AAAD6DE002390BA /* gemio.h in Headers */,
				F45B8B2F2AE9B3A100A306B9 /* stringUtils.h in Headers */,
				F4E340BC2AAADE13002390BA /* vec.h in Headers */,
			);
			runOnlyForDeploymentPostprocessing = 0;
		};
/* End PBXHeadersBuildPhase section */

/* Begin PBXNativeTarget section */
		F45B8B1D2AE6C2CF00A306B9 /* desktop */ = {
			isa = PBXNativeTarget;
			buildConfigurationList = F45B8B222AE6C2CF00A306B9 /* Build configuration list for PBXNativeTarget "desktop" */;
			buildPhases = (
				F45B8B1A2AE6C2CF00A306B9 /* Sources */,
				F45B8B1B2AE6C2CF00A306B9 /* Frameworks */,
				F45B8B1C2AE6C2CF00A306B9 /* CopyFiles */,
				F45B8B282AE6C4A300A306B9 /* App-etize */,
			);
			buildRules = (
			);
			dependencies = (
				F45B8B262AE6C41800A306B9 /* PBXTargetDependency */,
			);
			name = desktop;
			productName = desktop;
			productReference = F45B8B1E2AE6C2CF00A306B9 /* desktop */;
			productType = "com.apple.product-type.tool";
		};
		F4680BF22ADEEEB80020BB5B /* aspiral */ = {
			isa = PBXNativeTarget;
			buildConfigurationList = F4680BF72ADEEEB80020BB5B /* Build configuration list for PBXNativeTarget "aspiral" */;
			buildPhases = (
				F4680BEF2ADEEEB80020BB5B /* Sources */,
				F4680BF02ADEEEB80020BB5B /* Frameworks */,
				F4680BF12ADEEEB80020BB5B /* CopyFiles */,
			);
			buildRules = (
			);
			dependencies = (
				F4680BFC2ADEF2F90020BB5B /* PBXTargetDependency */,
			);
			name = aspiral;
			productName = aspiral;
			productReference = F4680BF32ADEEEB80020BB5B /* aspiral */;
			productType = "com.apple.product-type.tool";
		};
		F46A86542ABB89B100FA3ABC /* vr_trnfm */ = {
			isa = PBXNativeTarget;
			buildConfigurationList = F46A865B2ABB89B100FA3ABC /* Build configuration list for PBXNativeTarget "vr_trnfm" */;
			buildPhases = (
				F46A86512ABB89B100FA3ABC /* Sources */,
				F46A86522ABB89B100FA3ABC /* Frameworks */,
				F46A86532ABB89B100FA3ABC /* CopyFiles */,
			);
			buildRules = (
			);
			dependencies = (
				F46A865D2ABB89C700FA3ABC /* PBXTargetDependency */,
			);
			name = vr_trnfm;
			productName = vr_trnfm;
			productReference = F46A86552ABB89B100FA3ABC /* vr_trnfm */;
			productType = "com.apple.product-type.tool";
		};
		F46A86722ABEA73A00FA3ABC /* rscdump */ = {
			isa = PBXNativeTarget;
			buildConfigurationList = F46A86772ABEA73A00FA3ABC /* Build configuration list for PBXNativeTarget "rscdump" */;
			buildPhases = (
				F46A866F2ABEA73A00FA3ABC /* Sources */,
				F46A86702ABEA73A00FA3ABC /* Frameworks */,
				F46A86712ABEA73A00FA3ABC /* CopyFiles */,
				F46A86842ABEAB8C00FA3ABC /* Copy executable to "bin" */,
			);
			buildRules = (
			);
			dependencies = (
				F46A867B2ABEA74800FA3ABC /* PBXTargetDependency */,
			);
			name = rscdump;
			productName = rscdump;
			productReference = F46A86732ABEA73A00FA3ABC /* rscdump */;
			productType = "com.apple.product-type.tool";
		};
		F4BAB2A02AD6446600DBAD9F /* aestest */ = {
			isa = PBXNativeTarget;
			buildConfigurationList = F4BAB2A52AD6446600DBAD9F /* Build configuration list for PBXNativeTarget "aestest" */;
			buildPhases = (
				F4BAB29D2AD6446600DBAD9F /* Sources */,
				F4BAB29E2AD6446600DBAD9F /* Frameworks */,
				F4BAB29F2AD6446600DBAD9F /* CopyFiles */,
				F4BAB2AF2AD6468A00DBAD9F /* Install in ~/bin */,
			);
			buildRules = (
			);
			dependencies = (
				F4BAB2AA2AD645D500DBAD9F /* PBXTargetDependency */,
			);
			name = aestest;
			productName = aestest;
			productReference = F4BAB2A12AD6446600DBAD9F /* aestest */;
			productType = "com.apple.product-type.tool";
		};
		F4E3409B2AAAD389002390BA /* vditest */ = {
			isa = PBXNativeTarget;
			buildConfigurationList = F4E340A32AAAD389002390BA /* Build configuration list for PBXNativeTarget "vditest" */;
			buildPhases = (
				F4E340982AAAD389002390BA /* Sources */,
				F4E340992AAAD389002390BA /* Frameworks */,
				F4E3409A2AAAD389002390BA /* CopyFiles */,
			);
			buildRules = (
			);
			dependencies = (
				F4E340C22AAADF56002390BA /* PBXTargetDependency */,
			);
			name = vditest;
			productName = client;
			productReference = F4E3409C2AAAD389002390BA /* vditest */;
			productType = "com.apple.product-type.tool";
		};
		F4E340A92AAAD3E1002390BA /* gemc */ = {
			isa = PBXNativeTarget;
			buildConfigurationList = F4E340AB2AAAD3E1002390BA /* Build configuration list for PBXNativeTarget "gemc" */;
			buildPhases = (
				F4E340A62AAAD3E1002390BA /* Headers */,
				F4E340A72AAAD3E1002390BA /* Sources */,
				F4E340A82AAAD3E1002390BA /* Frameworks */,
			);
			buildRules = (
			);
			dependencies = (
			);
			name = gemc;
			productName = gemc;
			productReference = F4E340AA2AAAD3E1002390BA /* libgemc.a */;
			productType = "com.apple.product-type.library.static";
		};
/* End PBXNativeTarget section */

/* Begin PBXProject section */
		F4E340942AAAD389002390BA /* Project object */ = {
			isa = PBXProject;
			attributes = {
				BuildIndependentTargetsInParallel = 1;
				LastUpgradeCheck = 1400;
				TargetAttributes = {
					F45B8B1D2AE6C2CF00A306B9 = {
						CreatedOnToolsVersion = 14.0.1;
					};
					F4680BF22ADEEEB80020BB5B = {
						CreatedOnToolsVersion = 14.2;
					};
					F4680BFE2AE1DC160020BB5B = {
						CreatedOnToolsVersion = 14.2;
					};
					F46A86542ABB89B100FA3ABC = {
						CreatedOnToolsVersion = 14.0.1;
					};
					F46A86722ABEA73A00FA3ABC = {
						CreatedOnToolsVersion = 14.0.1;
					};
					F4BAB2A02AD6446600DBAD9F = {
						CreatedOnToolsVersion = 14.0.1;
					};
					F4E3409B2AAAD389002390BA = {
						CreatedOnToolsVersion = 14.0.1;
					};
					F4E340A92AAAD3E1002390BA = {
						CreatedOnToolsVersion = 14.0.1;
					};
				};
			};
			buildConfigurationList = F4E340972AAAD389002390BA /* Build configuration list for PBXProject "client" */;
			compatibilityVersion = "Xcode 14.0";
			developmentRegion = en;
			hasScannedForEncodings = 0;
			knownRegions = (
				en,
				Base,
			);
			mainGroup = F4E340932AAAD389002390BA;
			productRefGroup = F4E3409D2AAAD389002390BA /* Products */;
			projectDirPath = "";
			projectRoot = "";
			targets = (
				F4E3409B2AAAD389002390BA /* vditest */,
				F4E340A92AAAD3E1002390BA /* gemc */,
				F46A86542ABB89B100FA3ABC /* vr_trnfm */,
				F46A86722ABEA73A00FA3ABC /* rscdump */,
				F4BAB2A02AD6446600DBAD9F /* aestest */,
				F4680BF22ADEEEB80020BB5B /* aspiral */,
				F45B8B1D2AE6C2CF00A306B9 /* desktop */,
				F4680BFE2AE1DC160020BB5B /* All */,
			);
		};
/* End PBXProject section */

/* Begin PBXShellScriptBuildPhase section */
		F45B8B282AE6C4A300A306B9 /* App-etize */ = {
			isa = PBXShellScriptBuildPhase;
			buildActionMask = 2147483647;
			files = (
			);
			inputFileListPaths = (
			);
			inputPaths = (
			);
			name = "App-etize";
			outputFileListPaths = (
			);
			outputPaths = (
			);
			runOnlyForDeploymentPostprocessing = 0;
			shellPath = /bin/sh;
			shellScript = "# Script to create an 'application' structure in the target dir\n#\n\nROOTDIR=/usr/local/atari\nAPPDIR=$ROOTDIR/Disk/Applications\nAPP=desktop\n\nmkdir -p $APPDIR/$APP.app\ncp $TARGET_BUILD_DIR/$APP $APPDIR/$APP.app/$APP.prg\n\n";
		};
		F46A86842ABEAB8C00FA3ABC /* Copy executable to "bin" */ = {
			isa = PBXShellScriptBuildPhase;
			buildActionMask = 2147483647;
			files = (
			);
			inputFileListPaths = (
			);
			inputPaths = (
			);
			name = "Copy executable to \"bin\"";
			outputFileListPaths = (
			);
			outputPaths = (
			);
			runOnlyForDeploymentPostprocessing = 0;
			shellPath = /bin/sh;
			shellScript = "# Type a script or drag a script file from your workspace to insert its path.\ncp \"$BUILT_PRODUCTS_DIR/rscdump\" \"$HOME/bin\"\n";
		};
		F4BAB2AF2AD6468A00DBAD9F /* Install in ~/bin */ = {
			isa = PBXShellScriptBuildPhase;
			buildActionMask = 2147483647;
			files = (
			);
			inputFileListPaths = (
			);
			inputPaths = (
			);
			name = "Install in ~/bin";
			outputFileListPaths = (
			);
			outputPaths = (
			);
			runOnlyForDeploymentPostprocessing = 0;
			shellPath = /bin/sh;
			shellScript = "# Type a script or drag a script file from your workspace to insert its path.\ncp \"$BUILT_PRODUCTS_DIR/aestest\" \"$HOME/bin\"\n";
		};
/* End PBXShellScriptBuildPhase section */

/* Begin PBXSourcesBuildPhase section */
		F45B8B1A2AE6C2CF00A306B9 /* Sources */ = {
			isa = PBXSourcesBuildPhase;
			buildActionMask = 2147483647;
			files = (
				F45B8B212AE6C2CF00A306B9 /* main.c in Sources */,
			);
			runOnlyForDeploymentPostprocessing = 0;
		};
		F4680BEF2ADEEEB80020BB5B /* Sources */ = {
			isa = PBXSourcesBuildPhase;
			buildActionMask = 2147483647;
			files = (
				F4680BF62ADEEEB80020BB5B /* main.c in Sources */,
			);
			runOnlyForDeploymentPostprocessing = 0;
		};
		F46A86512ABB89B100FA3ABC /* Sources */ = {
			isa = PBXSourcesBuildPhase;
			buildActionMask = 2147483647;
			files = (
				F46A86582ABB89B100FA3ABC /* main.c in Sources */,
			);
			runOnlyForDeploymentPostprocessing = 0;
		};
		F46A866F2ABEA73A00FA3ABC /* Sources */ = {
			isa = PBXSourcesBuildPhase;
			buildActionMask = 2147483647;
			files = (
				F46A86932AC0AAF900FA3ABC /* pam.c in Sources */,
				F46A86762ABEA73A00FA3ABC /* main.c in Sources */,
				F46A86872ABFDBDF00FA3ABC /* match.c in Sources */,
				F46A868A2ABFEE1E00FA3ABC /* listing.c in Sources */,
				F46A86902AC0997B00FA3ABC /* export.c in Sources */,
			);
			runOnlyForDeploymentPostprocessing = 0;
		};
		F4BAB29D2AD6446600DBAD9F /* Sources */ = {
			isa = PBXSourcesBuildPhase;
			buildActionMask = 2147483647;
			files = (
				F4BAB2A42AD6446600DBAD9F /* main.c in Sources */,
			);
			runOnlyForDeploymentPostprocessing = 0;
		};
		F4E340982AAAD389002390BA /* Sources */ = {
			isa = PBXSourcesBuildPhase;
			buildActionMask = 2147483647;
			files = (
				F4E340A02AAAD389002390BA /* main.c in Sources */,
			);
			runOnlyForDeploymentPostprocessing = 0;
		};
		F4E340A72AAAD3E1002390BA /* Sources */ = {
			isa = PBXSourcesBuildPhase;
			buildActionMask = 2147483647;
			files = (
				F46A861E2AB62A4E00FA3ABC /* v_pie.c in Sources */,
				F4680C112AE8344E0020BB5B /* shell_conv.c in Sources */,
				F46A86062AB2964200FA3ABC /* vst_alignment.c in Sources */,
				F49059362ACCDC1500F4F288 /* vqt_width.c in Sources */,
				F4680BE92ACC9F550020BB5B /* vqin_mode.c in Sources */,
				F46A85C22AAEB87500FA3ABC /* v_curup.c in Sources */,
				F45B8B162AE4403000A306B9 /* shel_put.c in Sources */,
				F49512BD2ADF8DDE00AF9877 /* rsrc_gaddr.c in Sources */,
				F46A85F82AB0124200FA3ABC /* vsl_ends.c in Sources */,
				F46A85CC2AAEBFD600FA3ABC /* v_eeos.c in Sources */,
				F46A86502ABAAAA600FA3ABC /* vro_cpyfm.c in Sources */,
				F49059382ACD180F00F4F288 /* vex_timv.c in Sources */,
				F46A85C82AAEBE7900FA3ABC /* v_curleft.c in Sources */,
				F46A86222AB6312300FA3ABC /* v_ellipse.c in Sources */,
				F46A863E2AB7ECEB00FA3ABC /* vqm_attributes.c in Sources */,
				F46A86242AB632C800FA3ABC /* v_ellpie.c in Sources */,
				F46A86122AB40F5F00FA3ABC /* vsf_style.c in Sources */,
				F49512C12AE0E29D00AF9877 /* rsrc_saddr.c in Sources */,
				F4680BE72ACC9BED0020BB5B /* v_recfl.c in Sources */,
				F4680BE52ACC91D60020BB5B /* vsf_udsty.c in Sources */,
				F46A86482AB9102000FA3ABC /* v_contourfill.c in Sources */,
				F4CBFCEE2AD771C20078C561 /* rsrc_load.c in Sources */,
				F46A86102AB40D8900FA3ABC /* vsf_interior.c in Sources */,
				F46A85CE2AAEC0B600FA3ABC /* v_eeol.c in Sources */,
				F46A85BE2AAEB6FE00FA3ABC /* v_enter_cur.c in Sources */,
				F45B8B302AE9B3A100A306B9 /* stringUtils.c in Sources */,
				F46A86342AB77E0B00FA3ABC /* vsin_mode.c in Sources */,
				F46A85D82AAED79F00FA3ABC /* vq_curaddress.c in Sources */,
				F46A85E62AAF676900FA3ABC /* v_form_adv.c in Sources */,
				F46A864E2ABA6A2F00FA3ABC /* vq_pixrgb.c in Sources */,
				F49512BF2AE0C9CC00AF9877 /* rsrc_obfix.c in Sources */,
				F46A85FE2AB24A2700FA3ABC /* vsm_type.c in Sources */,
				F46A860E2AB3C38B00FA3ABC /* v_gtext.c in Sources */,
				F46A86422AB7F16800FA3ABC /* vqt_attributes.c in Sources */,
				F46A85D02AAEC47900FA3ABC /* vs_curaddress.c in Sources */,
				F45B8B142AE393E000A306B9 /* shel_get.c in Sources */,
				F4680BED2ACE05D50020BB5B /* vrt_cpyfm.c in Sources */,
				F46A860A2AB3A91F00FA3ABC /* vst_load_fonts.c in Sources */,
				F46A862E2AB667B400FA3ABC /* v_justified.c in Sources */,
				F46A85D62AAED14600FA3ABC /* v_rvoff.c in Sources */,
				F46A86362AB785C900FA3ABC /* vrq_locator.c in Sources */,
				F4CBFCF02AD773A30078C561 /* rsrc_free.c in Sources */,
				F46A861A2AB56C2000FA3ABC /* vswr_mode.c in Sources */,
				F46A86182AB5491700FA3ABC /* v_fillarea.c in Sources */,
				F46A86952AC373C100FA3ABC /* vq_colours.c in Sources */,
				F46A86302AB66F1E00FA3ABC /* vs_color.c in Sources */,
				F46A861C2AB6234400FA3ABC /* v_bar.c in Sources */,
				F46A85C62AAEBB4100FA3ABC /* v_curright.c in Sources */,
				F46A86832ABEA97200FA3ABC /* args.c in Sources */,
				F46A85C42AAEB99600FA3ABC /* v_curdown.c in Sources */,
				F4E340BD2AAADE13002390BA /* vec.c in Sources */,
				F4BAB29C2AD61DBE00DBAD9F /* appl_init.c in Sources */,
				F46A86322AB67A4F00FA3ABC /* vq_color.c in Sources */,
				F49512C42AE22A7A00AF9877 /* shel_envrn.c in Sources */,
				F4E340C62AAAE05A002390BA /* gemmsg.c in Sources */,
				F46A86082AB3A7BA00FA3ABC /* vst_effects.c in Sources */,
				F46A863A2AB7BAE000FA3ABC /* vrq_string.c in Sources */,
				F45B8B182AE6304800A306B9 /* shel_write.c in Sources */,
				F46A85F22AAFBD7500FA3ABC /* vsl_color.c in Sources */,
				F46A863C2AB7D7A400FA3ABC /* vql_attributes.c in Sources */,
				F49059482ACFB97600F4F288 /* vq_key_s.c in Sources */,
				F46A85FC2AB23D6900FA3ABC /* v_pmarker.c in Sources */,
				F4680BD92AB370150020BB5B /* vst_height.c in Sources */,
				F46A85D22AAECACA00FA3ABC /* v_curtext.c in Sources */,
				F490593C2ACE66DD00F4F288 /* v_show_c.c in Sources */,
				F46A85DE2AAF640500FA3ABC /* vq_tabstatus.c in Sources */,
				F46A85EE2AAF693100FA3ABC /* v_bit_image.c in Sources */,
				F46A86442AB8004200FA3ABC /* v_clsvwk.c in Sources */,
				F46A862A2AB64E0800FA3ABC /* v_ellarc.c in Sources */,
				F46A85F42AAFD32500FA3ABC /* vsl_type.c in Sources */,
				F4680BDD2AB3724B0020BB5B /* vst_rotation.c in Sources */,
				F46A86002AB24C1300FA3ABC /* vsm_height.c in Sources */,
				F46A85F62AAFD3C400FA3ABC /* vsl_width.c in Sources */,
				F46A86402AB7EEF300FA3ABC /* vqf_attributes.c in Sources */,
				F4E340B42AAAD6C3002390BA /* v_opnvwk.c in Sources */,
				F46A85B42AAEA2AE00FA3ABC /* v_clrwk.c in Sources */,
				F46A85F02AAFB8F600FA3ABC /* vs_clip.c in Sources */,
				F46A862C2AB6624B00FA3ABC /* v_rbox.c in Sources */,
				F46A86202AB62EA500FA3ABC /* v_circle.c in Sources */,
				F46A864A2ABA66DA00FA3ABC /* v_get_pixel.c in Sources */,
				F49059442ACFB26200F4F288 /* vex_motv.c in Sources */,
				F45B8B2A2AE770D400A306B9 /* shel_read.c in Sources */,
				F4CBFCF42ADB9AF70078C561 /* map.c in Sources */,
				F4203F1C2AEAE40900BA0F24 /* wind_create.c in Sources */,
				F490593A2ACD262C00F4F288 /* vst_unload_fonts.c in Sources */,
				F4680BE32ACB268D0020BB5B /* vsc_form.c in Sources */,
				F4BAB2B52AD76EC100DBAD9F /* rscfile.c in Sources */,
				F46A85BA2AAEA5A100FA3ABC /* vq_chcells.c in Sources */,
				F4BAB2B12AD64B8B00DBAD9F /* graf_handle.c in Sources */,
				F46A85EC2AAF684D00FA3ABC /* v_clear_disp_list.c in Sources */,
				F46A86162AB4F82C00FA3ABC /* vsf_perimeter.c in Sources */,
				F46A85E22AAF646100FA3ABC /* v_dspcur.c in Sources */,
				F46A85DA2AAF636F00FA3ABC /* vq_hardcopy.c in Sources */,
				F4680BEB2ACCB8FC0020BB5B /* vqt_extent.c in Sources */,
				F46A85E42AAF66A200FA3ABC /* v_rmcur.c in Sources */,
				F46A86022AB24EF500FA3ABC /* vsm_color.c in Sources */,
				F49059462ACFB41A00F4F288 /* vex_curv.c in Sources */,
				F4680BDB2AB370E60020BB5B /* vst_point.c in Sources */,
				F46A864C2ABA69AA00FA3ABC /* vs_pixrgb.c in Sources */,
				F46A86282AB648BD00FA3ABC /* v_arc.c in Sources */,
				F46A860C2AB3B37A00FA3ABC /* vqt_name.c in Sources */,
				F46A85CA2AAEBEFD00FA3ABC /* v_curhome.c in Sources */,
				F46A85B62AAEA56200FA3ABC /* v_updwk.c in Sources */,
				F4680BDF2AB376190020BB5B /* vst_font.c in Sources */,
				F4E340B82AAAD6DE002390BA /* gemio.c in Sources */,
				F46A85BC2AAEB56700FA3ABC /* v_exit_cur.c in Sources */,
				F49059402ACFA93100F4F288 /* vq_mouse.c in Sources */,
				F49059422ACFADAC00F4F288 /* vex_butv.c in Sources */,
				F46A85D42AAED0F400FA3ABC /* v_rvon.c in Sources */,
				F46A85FA2AB01E1F00FA3ABC /* v_pline.c in Sources */,
				F4680BE12ABB68220020BB5B /* vr_trnfm.c in Sources */,
				F49059342ACB6CC200F4F288 /* vsf_udpat.c in Sources */,
				F46A86142AB4155F00FA3ABC /* vsf_color.c in Sources */,
				F46A85E82AAF67EC00FA3ABC /* v_output_window.c in Sources */,
				F490593E2ACE6C9D00F4F288 /* v_hide_c.c in Sources */,
				F45B8B122AE3426000A306B9 /* shel_find.c in Sources */,
				F46A86382AB7B3A100FA3ABC /* vsm_locator.c in Sources */,
				F46A86262AB634E800FA3ABC /* v_rfbox.c in Sources */,
				F46A86042AB2930100FA3ABC /* vst_color.c in Sources */,
				F46A86462AB8EE0100FA3ABC /* vq_extnd.c in Sources */,
			);
			runOnlyForDeploymentPostprocessing = 0;
		};
/* End PBXSourcesBuildPhase section */

/* Begin PBXTargetDependency section */
		F45B8B262AE6C41800A306B9 /* PBXTargetDependency */ = {
			isa = PBXTargetDependency;
			target = F4E340A92AAAD3E1002390BA /* gemc */;
			targetProxy = F45B8B252AE6C41800A306B9 /* PBXContainerItemProxy */;
		};
		F45B8B2C2AE7803A00A306B9 /* PBXTargetDependency */ = {
			isa = PBXTargetDependency;
			target = F45B8B1D2AE6C2CF00A306B9 /* desktop */;
			targetProxy = F45B8B2B2AE7803A00A306B9 /* PBXContainerItemProxy */;
		};
		F4680BFC2ADEF2F90020BB5B /* PBXTargetDependency */ = {
			isa = PBXTargetDependency;
			target = F4E340A92AAAD3E1002390BA /* gemc */;
			targetProxy = F4680BFB2ADEF2F90020BB5B /* PBXContainerItemProxy */;
		};
		F4680C032AE1DC260020BB5B /* PBXTargetDependency */ = {
			isa = PBXTargetDependency;
			target = F4BAB2A02AD6446600DBAD9F /* aestest */;
			targetProxy = F4680C022AE1DC260020BB5B /* PBXContainerItemProxy */;
		};
		F4680C052AE1DC260020BB5B /* PBXTargetDependency */ = {
			isa = PBXTargetDependency;
			target = F4680BF22ADEEEB80020BB5B /* aspiral */;
			targetProxy = F4680C042AE1DC260020BB5B /* PBXContainerItemProxy */;
		};
		F4680C072AE1DC260020BB5B /* PBXTargetDependency */ = {
			isa = PBXTargetDependency;
			target = F4E340A92AAAD3E1002390BA /* gemc */;
			targetProxy = F4680C062AE1DC260020BB5B /* PBXContainerItemProxy */;
		};
		F4680C092AE1DC260020BB5B /* PBXTargetDependency */ = {
			isa = PBXTargetDependency;
			target = F46A86722ABEA73A00FA3ABC /* rscdump */;
			targetProxy = F4680C082AE1DC260020BB5B /* PBXContainerItemProxy */;
		};
		F4680C0B2AE1DC260020BB5B /* PBXTargetDependency */ = {
			isa = PBXTargetDependency;
			target = F4E3409B2AAAD389002390BA /* vditest */;
			targetProxy = F4680C0A2AE1DC260020BB5B /* PBXContainerItemProxy */;
		};
		F4680C0D2AE1DC260020BB5B /* PBXTargetDependency */ = {
			isa = PBXTargetDependency;
			target = F46A86542ABB89B100FA3ABC /* vr_trnfm */;
			targetProxy = F4680C0C2AE1DC260020BB5B /* PBXContainerItemProxy */;
		};
		F46A865D2ABB89C700FA3ABC /* PBXTargetDependency */ = {
			isa = PBXTargetDependency;
			target = F4E340A92AAAD3E1002390BA /* gemc */;
			targetProxy = F46A865C2ABB89C700FA3ABC /* PBXContainerItemProxy */;
		};
		F46A867B2ABEA74800FA3ABC /* PBXTargetDependency */ = {
			isa = PBXTargetDependency;
			target = F4E340A92AAAD3E1002390BA /* gemc */;
			targetProxy = F46A867A2ABEA74800FA3ABC /* PBXContainerItemProxy */;
		};
		F4BAB2AA2AD645D500DBAD9F /* PBXTargetDependency */ = {
			isa = PBXTargetDependency;
			target = F4E340A92AAAD3E1002390BA /* gemc */;
			targetProxy = F4BAB2A92AD645D500DBAD9F /* PBXContainerItemProxy */;
		};
		F4E340C22AAADF56002390BA /* PBXTargetDependency */ = {
			isa = PBXTargetDependency;
			target = F4E340A92AAAD3E1002390BA /* gemc */;
			targetProxy = F4E340C12AAADF56002390BA /* PBXContainerItemProxy */;
		};
/* End PBXTargetDependency section */

/* Begin XCBuildConfiguration section */
		F45B8B232AE6C2CF00A306B9 /* Debug */ = {
			isa = XCBuildConfiguration;
			buildSettings = {
				CODE_SIGN_STYLE = Manual;
				DEVELOPMENT_TEAM = "";
				ENABLE_HARDENED_RUNTIME = YES;
				PRODUCT_NAME = "$(TARGET_NAME)";
				PROVISIONING_PROFILE_SPECIFIER = "";
				SYSTEM_HEADER_SEARCH_PATHS = "$(PROJECT_DIR)/../shared";
			};
			name = Debug;
		};
		F45B8B242AE6C2CF00A306B9 /* Release */ = {
			isa = XCBuildConfiguration;
			buildSettings = {
				CODE_SIGN_STYLE = Automatic;
				DEVELOPMENT_TEAM = S9DMW7WK55;
				ENABLE_HARDENED_RUNTIME = YES;
				PRODUCT_NAME = "$(TARGET_NAME)";
				SYSTEM_HEADER_SEARCH_PATHS = "$(PROJECT_DIR)/../shared";
			};
			name = Release;
		};
		F4680BF82ADEEEB80020BB5B /* Debug */ = {
			isa = XCBuildConfiguration;
			buildSettings = {
				CODE_SIGN_STYLE = Manual;
				DEVELOPMENT_TEAM = "";
				GCC_C_LANGUAGE_STANDARD = gnu11;
				GCC_WARN_PEDANTIC = YES;
				HEADER_SEARCH_PATHS = "$(PROJECT_DIR)/../shared";
				MACOSX_DEPLOYMENT_TARGET = 12.5;
				PRODUCT_NAME = "$(TARGET_NAME)";
				PROVISIONING_PROFILE_SPECIFIER = "";
			};
			name = Debug;
		};
		F4680BF92ADEEEB80020BB5B /* Release */ = {
			isa = XCBuildConfiguration;
			buildSettings = {
				CODE_SIGN_STYLE = Manual;
				DEVELOPMENT_TEAM = "";
				GCC_C_LANGUAGE_STANDARD = gnu11;
				GCC_WARN_PEDANTIC = YES;
				HEADER_SEARCH_PATHS = "$(PROJECT_DIR)/../shared";
				MACOSX_DEPLOYMENT_TARGET = 12.5;
				PRODUCT_NAME = "$(TARGET_NAME)";
				PROVISIONING_PROFILE_SPECIFIER = "";
			};
			name = Release;
		};
		F4680C002AE1DC160020BB5B /* Debug */ = {
			isa = XCBuildConfiguration;
			buildSettings = {
				CODE_SIGN_STYLE = Automatic;
				PRODUCT_NAME = "$(TARGET_NAME)";
			};
			name = Debug;
		};
		F4680C012AE1DC160020BB5B /* Release */ = {
			isa = XCBuildConfiguration;
			buildSettings = {
				CODE_SIGN_STYLE = Automatic;
				PRODUCT_NAME = "$(TARGET_NAME)";
			};
			name = Release;
		};
		F46A86592ABB89B100FA3ABC /* Debug */ = {
			isa = XCBuildConfiguration;
			buildSettings = {
				CODE_SIGN_STYLE = Manual;
				DEVELOPMENT_TEAM = "";
				ENABLE_HARDENED_RUNTIME = YES;
				HEADER_SEARCH_PATHS = "$(PROJECT_DIR)/../shared";
				PRODUCT_NAME = "$(TARGET_NAME)";
				PROVISIONING_PROFILE_SPECIFIER = "";
			};
			name = Debug;
		};
		F46A865A2ABB89B100FA3ABC /* Release */ = {
			isa = XCBuildConfiguration;
			buildSettings = {
				CODE_SIGN_STYLE = Manual;
				DEVELOPMENT_TEAM = "";
				ENABLE_HARDENED_RUNTIME = YES;
				HEADER_SEARCH_PATHS = "$(PROJECT_DIR)/../shared";
				PRODUCT_NAME = "$(TARGET_NAME)";
				PROVISIONING_PROFILE_SPECIFIER = "";
			};
			name = Release;
		};
		F46A86782ABEA73A00FA3ABC /* Debug */ = {
			isa = XCBuildConfiguration;
			buildSettings = {
				CODE_SIGN_STYLE = Manual;
				DEVELOPMENT_TEAM = "";
				ENABLE_HARDENED_RUNTIME = YES;
				HEADER_SEARCH_PATHS = (
					"$(PROJECT_DIR)/../shared",
					"$(PROJECT_DIR)/../gemd",
				);
				PRODUCT_NAME = "$(TARGET_NAME)";
				PROVISIONING_PROFILE_SPECIFIER = "";
			};
			name = Debug;
		};
		F46A86792ABEA73A00FA3ABC /* Release */ = {
			isa = XCBuildConfiguration;
			buildSettings = {
				CODE_SIGN_STYLE = Automatic;
				DEVELOPMENT_TEAM = S9DMW7WK55;
				ENABLE_HARDENED_RUNTIME = YES;
				HEADER_SEARCH_PATHS = (
					"$(PROJECT_DIR)/../shared",
					"$(PROJECT_DIR)/../gemd",
				);
				PRODUCT_NAME = "$(TARGET_NAME)";
			};
			name = Release;
		};
		F4BAB2A62AD6446600DBAD9F /* Debug */ = {
			isa = XCBuildConfiguration;
			buildSettings = {
				CODE_SIGN_STYLE = Manual;
				DEVELOPMENT_TEAM = "";
				ENABLE_HARDENED_RUNTIME = YES;
				HEADER_SEARCH_PATHS = "$(PROJECT_DIR)/../shared";
				PRODUCT_NAME = "$(TARGET_NAME)";
				PROVISIONING_PROFILE_SPECIFIER = "";
			};
			name = Debug;
		};
		F4BAB2A72AD6446600DBAD9F /* Release */ = {
			isa = XCBuildConfiguration;
			buildSettings = {
				CODE_SIGN_STYLE = Manual;
				DEVELOPMENT_TEAM = "";
				ENABLE_HARDENED_RUNTIME = YES;
				HEADER_SEARCH_PATHS = "$(PROJECT_DIR)/../shared";
				PRODUCT_NAME = "$(TARGET_NAME)";
				PROVISIONING_PROFILE_SPECIFIER = "";
			};
			name = Release;
		};
		F4E340A12AAAD389002390BA /* Debug */ = {
			isa = XCBuildConfiguration;
			buildSettings = {
				ALWAYS_SEARCH_USER_PATHS = NO;
				CLANG_ANALYZER_NONNULL = YES;
				CLANG_ANALYZER_NUMBER_OBJECT_CONVERSION = YES_AGGRESSIVE;
				CLANG_CXX_LANGUAGE_STANDARD = "gnu++20";
				CLANG_ENABLE_MODULES = YES;
				CLANG_ENABLE_OBJC_ARC = YES;
				CLANG_ENABLE_OBJC_WEAK = YES;
				CLANG_WARN_BLOCK_CAPTURE_AUTORELEASING = YES;
				CLANG_WARN_BOOL_CONVERSION = YES;
				CLANG_WARN_COMMA = YES;
				CLANG_WARN_CONSTANT_CONVERSION = YES;
				CLANG_WARN_DEPRECATED_OBJC_IMPLEMENTATIONS = YES;
				CLANG_WARN_DIRECT_OBJC_ISA_USAGE = YES_ERROR;
				CLANG_WARN_DOCUMENTATION_COMMENTS = NO;
				CLANG_WARN_EMPTY_BODY = YES;
				CLANG_WARN_ENUM_CONVERSION = YES;
				CLANG_WARN_INFINITE_RECURSION = YES;
				CLANG_WARN_INT_CONVERSION = YES;
				CLANG_WARN_NON_LITERAL_NULL_CONVERSION = YES;
				CLANG_WARN_OBJC_IMPLICIT_RETAIN_SELF = YES;
				CLANG_WARN_OBJC_LITERAL_CONVERSION = YES;
				CLANG_WARN_OBJC_ROOT_CLASS = YES_ERROR;
				CLANG_WARN_QUOTED_INCLUDE_IN_FRAMEWORK_HEADER = YES;
				CLANG_WARN_RANGE_LOOP_ANALYSIS = YES;
				CLANG_WARN_STRICT_PROTOTYPES = YES;
				CLANG_WARN_SUSPICIOUS_MOVE = YES;
				CLANG_WARN_UNGUARDED_AVAILABILITY = YES_AGGRESSIVE;
				CLANG_WARN_UNREACHABLE_CODE = YES;
				CLANG_WARN__DUPLICATE_METHOD_MATCH = YES;
				COPY_PHASE_STRIP = NO;
				DEBUG_INFORMATION_FORMAT = dwarf;
				ENABLE_STRICT_OBJC_MSGSEND = YES;
				ENABLE_TESTABILITY = YES;
				GCC_C_LANGUAGE_STANDARD = gnu11;
				GCC_DYNAMIC_NO_PIC = NO;
				GCC_NO_COMMON_BLOCKS = YES;
				GCC_OPTIMIZATION_LEVEL = 0;
				GCC_PREPROCESSOR_DEFINITIONS = (
					"DEBUG=1",
					"$(inherited)",
				);
				GCC_WARN_64_TO_32_BIT_CONVERSION = YES;
				GCC_WARN_ABOUT_RETURN_TYPE = YES_ERROR;
				GCC_WARN_UNDECLARED_SELECTOR = YES;
				GCC_WARN_UNINITIALIZED_AUTOS = YES_AGGRESSIVE;
				GCC_WARN_UNUSED_FUNCTION = YES;
				GCC_WARN_UNUSED_VARIABLE = YES;
				MACOSX_DEPLOYMENT_TARGET = 12.3;
				MTL_ENABLE_DEBUG_INFO = INCLUDE_SOURCE;
				MTL_FAST_MATH = YES;
				ONLY_ACTIVE_ARCH = YES;
				SDKROOT = macosx;
			};
			name = Debug;
		};
		F4E340A22AAAD389002390BA /* Release */ = {
			isa = XCBuildConfiguration;
			buildSettings = {
				ALWAYS_SEARCH_USER_PATHS = NO;
				CLANG_ANALYZER_NONNULL = YES;
				CLANG_ANALYZER_NUMBER_OBJECT_CONVERSION = YES_AGGRESSIVE;
				CLANG_CXX_LANGUAGE_STANDARD = "gnu++20";
				CLANG_ENABLE_MODULES = YES;
				CLANG_ENABLE_OBJC_ARC = YES;
				CLANG_ENABLE_OBJC_WEAK = YES;
				CLANG_WARN_BLOCK_CAPTURE_AUTORELEASING = YES;
				CLANG_WARN_BOOL_CONVERSION = YES;
				CLANG_WARN_COMMA = YES;
				CLANG_WARN_CONSTANT_CONVERSION = YES;
				CLANG_WARN_DEPRECATED_OBJC_IMPLEMENTATIONS = YES;
				CLANG_WARN_DIRECT_OBJC_ISA_USAGE = YES_ERROR;
				CLANG_WARN_DOCUMENTATION_COMMENTS = NO;
				CLANG_WARN_EMPTY_BODY = YES;
				CLANG_WARN_ENUM_CONVERSION = YES;
				CLANG_WARN_INFINITE_RECURSION = YES;
				CLANG_WARN_INT_CONVERSION = YES;
				CLANG_WARN_NON_LITERAL_NULL_CONVERSION = YES;
				CLANG_WARN_OBJC_IMPLICIT_RETAIN_SELF = YES;
				CLANG_WARN_OBJC_LITERAL_CONVERSION = YES;
				CLANG_WARN_OBJC_ROOT_CLASS = YES_ERROR;
				CLANG_WARN_QUOTED_INCLUDE_IN_FRAMEWORK_HEADER = YES;
				CLANG_WARN_RANGE_LOOP_ANALYSIS = YES;
				CLANG_WARN_STRICT_PROTOTYPES = YES;
				CLANG_WARN_SUSPICIOUS_MOVE = YES;
				CLANG_WARN_UNGUARDED_AVAILABILITY = YES_AGGRESSIVE;
				CLANG_WARN_UNREACHABLE_CODE = YES;
				CLANG_WARN__DUPLICATE_METHOD_MATCH = YES;
				COPY_PHASE_STRIP = NO;
				DEBUG_INFORMATION_FORMAT = "dwarf-with-dsym";
				ENABLE_NS_ASSERTIONS = NO;
				ENABLE_STRICT_OBJC_MSGSEND = YES;
				GCC_C_LANGUAGE_STANDARD = gnu11;
				GCC_NO_COMMON_BLOCKS = YES;
				GCC_WARN_64_TO_32_BIT_CONVERSION = YES;
				GCC_WARN_ABOUT_RETURN_TYPE = YES_ERROR;
				GCC_WARN_UNDECLARED_SELECTOR = YES;
				GCC_WARN_UNINITIALIZED_AUTOS = YES_AGGRESSIVE;
				GCC_WARN_UNUSED_FUNCTION = YES;
				GCC_WARN_UNUSED_VARIABLE = YES;
				MACOSX_DEPLOYMENT_TARGET = 12.3;
				MTL_ENABLE_DEBUG_INFO = NO;
				MTL_FAST_MATH = YES;
				SDKROOT = macosx;
			};
			name = Release;
		};
		F4E340A42AAAD389002390BA /* Debug */ = {
			isa = XCBuildConfiguration;
			buildSettings = {
				CODE_SIGN_STYLE = Manual;
				DEVELOPMENT_TEAM = "";
				ENABLE_HARDENED_RUNTIME = YES;
				HEADER_SEARCH_PATHS = "$(PROJECT_DIR)/../shared";
				PRODUCT_NAME = "$(TARGET_NAME)";
				PROVISIONING_PROFILE_SPECIFIER = "";
			};
			name = Debug;
		};
		F4E340A52AAAD389002390BA /* Release */ = {
			isa = XCBuildConfiguration;
			buildSettings = {
				CODE_SIGN_STYLE = Manual;
				DEVELOPMENT_TEAM = "";
				ENABLE_HARDENED_RUNTIME = YES;
				HEADER_SEARCH_PATHS = "$(PROJECT_DIR)/../shared";
				PRODUCT_NAME = "$(TARGET_NAME)";
				PROVISIONING_PROFILE_SPECIFIER = "";
			};
			name = Release;
		};
		F4E340AC2AAAD3E1002390BA /* Debug */ = {
			isa = XCBuildConfiguration;
			buildSettings = {
				CODE_SIGN_STYLE = Automatic;
				DEVELOPMENT_TEAM = S9DMW7WK55;
				EXECUTABLE_PREFIX = lib;
				HEADER_SEARCH_PATHS = "$(PROJECT_DIR)/../shared";
				PRODUCT_NAME = "$(TARGET_NAME)";
				SKIP_INSTALL = YES;
			};
			name = Debug;
		};
		F4E340AD2AAAD3E1002390BA /* Release */ = {
			isa = XCBuildConfiguration;
			buildSettings = {
				CODE_SIGN_STYLE = Automatic;
				DEVELOPMENT_TEAM = S9DMW7WK55;
				EXECUTABLE_PREFIX = lib;
				HEADER_SEARCH_PATHS = "$(PROJECT_DIR)/../shared";
				PRODUCT_NAME = "$(TARGET_NAME)";
				SKIP_INSTALL = YES;
			};
			name = Release;
		};
/* End XCBuildConfiguration section */

/* Begin XCConfigurationList section */
		F45B8B222AE6C2CF00A306B9 /* Build configuration list for PBXNativeTarget "desktop" */ = {
			isa = XCConfigurationList;
			buildConfigurations = (
				F45B8B232AE6C2CF00A306B9 /* Debug */,
				F45B8B242AE6C2CF00A306B9 /* Release */,
			);
			defaultConfigurationIsVisible = 0;
			defaultConfigurationName = Release;
		};
		F4680BF72ADEEEB80020BB5B /* Build configuration list for PBXNativeTarget "aspiral" */ = {
			isa = XCConfigurationList;
			buildConfigurations = (
				F4680BF82ADEEEB80020BB5B /* Debug */,
				F4680BF92ADEEEB80020BB5B /* Release */,
			);
			defaultConfigurationIsVisible = 0;
			defaultConfigurationName = Release;
		};
		F4680BFF2AE1DC160020BB5B /* Build configuration list for PBXAggregateTarget "All" */ = {
			isa = XCConfigurationList;
			buildConfigurations = (
				F4680C002AE1DC160020BB5B /* Debug */,
				F4680C012AE1DC160020BB5B /* Release */,
			);
			defaultConfigurationIsVisible = 0;
			defaultConfigurationName = Release;
		};
		F46A865B2ABB89B100FA3ABC /* Build configuration list for PBXNativeTarget "vr_trnfm" */ = {
			isa = XCConfigurationList;
			buildConfigurations = (
				F46A86592ABB89B100FA3ABC /* Debug */,
				F46A865A2ABB89B100FA3ABC /* Release */,
			);
			defaultConfigurationIsVisible = 0;
			defaultConfigurationName = Release;
		};
		F46A86772ABEA73A00FA3ABC /* Build configuration list for PBXNativeTarget "rscdump" */ = {
			isa = XCConfigurationList;
			buildConfigurations = (
				F46A86782ABEA73A00FA3ABC /* Debug */,
				F46A86792ABEA73A00FA3ABC /* Release */,
			);
			defaultConfigurationIsVisible = 0;
			defaultConfigurationName = Release;
		};
		F4BAB2A52AD6446600DBAD9F /* Build configuration list for PBXNativeTarget "aestest" */ = {
			isa = XCConfigurationList;
			buildConfigurations = (
				F4BAB2A62AD6446600DBAD9F /* Debug */,
				F4BAB2A72AD6446600DBAD9F /* Release */,
			);
			defaultConfigurationIsVisible = 0;
			defaultConfigurationName = Release;
		};
		F4E340972AAAD389002390BA /* Build configuration list for PBXProject "client" */ = {
			isa = XCConfigurationList;
			buildConfigurations = (
				F4E340A12AAAD389002390BA /* Debug */,
				F4E340A22AAAD389002390BA /* Release */,
			);
			defaultConfigurationIsVisible = 0;
			defaultConfigurationName = Release;
		};
		F4E340A32AAAD389002390BA /* Build configuration list for PBXNativeTarget "vditest" */ = {
			isa = XCConfigurationList;
			buildConfigurations = (
				F4E340A42AAAD389002390BA /* Debug */,
				F4E340A52AAAD389002390BA /* Release */,
			);
			defaultConfigurationIsVisible = 0;
			defaultConfigurationName = Release;
		};
		F4E340AB2AAAD3E1002390BA /* Build configuration list for PBXNativeTarget "gemc" */ = {
			isa = XCConfigurationList;
			buildConfigurations = (
				F4E340AC2AAAD3E1002390BA /* Debug */,
				F4E340AD2AAAD3E1002390BA /* Release */,
			);
			defaultConfigurationIsVisible = 0;
			defaultConfigurationName = Release;
		};
/* End XCConfigurationList section */
	};
	rootObject = F4E340942AAAD389002390BA /* Project object */;
}
